
Microsoft Visual Studio Solution File, Format Version 12.00
# Visual Studio Version 17
VisualStudioVersion = 17.0.31612.314
MinimumVisualStudioVersion = 10.0.40219.1
Project("{9A19103F-16F7-4668-BE54-9A1E7A4F7556}") = "CH12_ResponsiveMAUI", "CH12_ResponsiveMAUI\CH12_ResponsiveMAUI.csproj", "{189F0D55-DFDD-4311-B1EB-2E2F59FD256F}"
EndProject
Project("{9A19103F-16F7-4668-BE54-9A1E7A4F7556}") = "CH12_ResponsiveMAUI.WinUI", "CH12_ResponsiveMAUI.WinUI\CH12_ResponsiveMAUI.WinUI.csproj", "{151F34C3-8FB9-4FA0-BE91-38A062D5A069}"
EndProject
Global
	GlobalSection(SolutionConfigurationPlatforms) = preSolution
		Debug|Any CPU = Debug|Any CPU
		Debug|x64 = Debug|x64
		Release|Any CPU = Release|Any CPU
		Release|x64 = Release|x64
		WindowsDebug|Any CPU = WindowsDebug|Any CPU
		WindowsDebug|x64 = WindowsDebug|x64
	EndGlobalSection
	GlobalSection(ProjectConfigurationPlatforms) = postSolution
		{189F0D55-DFDD-4311-B1EB-2E2F59FD256F}.Debug|Any CPU.ActiveCfg = Debug|Any CPU
		{189F0D55-DFDD-4311-B1EB-2E2F59FD256F}.Debug|Any CPU.Build.0 = Debug|Any CPU
		{189F0D55-DFDD-4311-B1EB-2E2F59FD256F}.Debug|Any CPU.Deploy.0 = Debug|Any CPU
		{189F0D55-DFDD-4311-B1EB-2E2F59FD256F}.Debug|x64.ActiveCfg = Debug|x64
		{189F0D55-DFDD-4311-B1EB-2E2F59FD256F}.Debug|x64.Build.0 = Debug|x64
		{189F0D55-DFDD-4311-B1EB-2E2F59FD256F}.Release|Any CPU.ActiveCfg = Release|Any CPU
		{189F0D55-DFDD-4311-B1EB-2E2F59FD256F}.Release|Any CPU.Build.0 = Release|Any CPU
		{189F0D55-DFDD-4311-B1EB-2E2F59FD256F}.Release|Any CPU.Deploy.0 = Release|Any CPU
		{189F0D55-DFDD-4311-B1EB-2E2F59FD256F}.Release|x64.ActiveCfg = Release|x64
		{189F0D55-DFDD-4311-B1EB-2E2F59FD256F}.Release|x64.Build.0 = Release|x64
		{189F0D55-DFDD-4311-B1EB-2E2F59FD256F}.WindowsDebug|Any CPU.ActiveCfg = WindowsDebug|Any CPU
		{189F0D55-DFDD-4311-B1EB-2E2F59FD256F}.WindowsDebug|Any CPU.Build.0 = WindowsDebug|Any CPU
		{189F0D55-DFDD-4311-B1EB-2E2F59FD256F}.WindowsDebug|x64.ActiveCfg = WindowsDebug|x64
		{189F0D55-DFDD-4311-B1EB-2E2F59FD256F}.WindowsDebug|x64.Build.0 = WindowsDebug|x64
		{151F34C3-8FB9-4FA0-BE91-38A062D5A069}.Debug|Any CPU.ActiveCfg = Debug|Any CPU
		{151F34C3-8FB9-4FA0-BE91-38A062D5A069}.Debug|Any CPU.Build.0 = Debug|Any CPU
		{151F34C3-8FB9-4FA0-BE91-38A062D5A069}.Debug|Any CPU.Deploy.0 = Debug|Any CPU
		{151F34C3-8FB9-4FA0-BE91-38A062D5A069}.Debug|x64.ActiveCfg = Debug|Any CPU
		{151F34C3-8FB9-4FA0-BE91-38A062D5A069}.Debug|x64.Build.0 = Debug|Any CPU
		{151F34C3-8FB9-4FA0-BE91-38A062D5A069}.Debug|x64.Deploy.0 = Debug|Any CPU
		{151F34C3-8FB9-4FA0-BE91-38A062D5A069}.Release|Any CPU.ActiveCfg = Release|Any CPU
		{151F34C3-8FB9-4FA0-BE91-38A062D5A069}.Release|Any CPU.Build.0 = Release|Any CPU
		{151F34C3-8FB9-4FA0-BE91-38A062D5A069}.Release|Any CPU.Deploy.0 = Release|Any CPU
		{151F34C3-8FB9-4FA0-BE91-38A062D5A069}.Release|x64.ActiveCfg = Release|Any CPU
		{151F34C3-8FB9-4FA0-BE91-38A062D5A069}.Release|x64.Build.0 = Release|Any CPU
		{151F34C3-8FB9-4FA0-BE91-38A062D5A069}.Release|x64.Deploy.0 = Release|Any CPU
		{151F34C3-8FB9-4FA0-BE91-38A062D5A069}.WindowsDebug|Any CPU.ActiveCfg = WindowsDebug|Any CPU
		{151F34C3-8FB9-4FA0-BE91-38A062D5A069}.WindowsDebug|Any CPU.Build.0 = WindowsDebug|Any CPU
		{151F34C3-8FB9-4FA0-BE91-38A062D5A069}.WindowsDebug|x64.ActiveCfg = WindowsDebug|Any CPU
		{151F34C3-8FB9-4FA0-BE91-38A062D5A069}.WindowsDebug|x64.Build.0 = WindowsDebug|Any CPU
	EndGlobalSection
	GlobalSection(SolutionProperties) = preSolution
		HideSolutionNode = FALSE
	EndGlobalSection
	GlobalSection(ExtensibilityGlobals) = postSolution
		SolutionGuid = {61F7FB11-1E47-470C-91E2-47F8143E1572}
	EndGlobalSection
EndGlobal
