
Microsoft Visual Studio Solution File, Format Version 12.00
# Visual Studio Version 17
VisualStudioVersion = 17.0.31825.309
MinimumVisualStudioVersion = 10.0.40219.1
Project("{9A19103F-16F7-4668-BE54-9A1E7A4F7556}") = "CH09_gRpcWeb.Client", "CH09_gRpcWeb.Client.csproj", "{8FAE7F76-3B78-444D-B8AF-F74084F6EE03}"
EndProject
Global
	GlobalSection(SolutionConfigurationPlatforms) = preSolution
		Debug|Any CPU = Debug|Any CPU
		Release|Any CPU = Release|Any CPU
	EndGlobalSection
	GlobalSection(ProjectConfigurationPlatforms) = postSolution
		{8FAE7F76-3B78-444D-B8AF-F74084F6EE03}.Debug|Any CPU.ActiveCfg = Debug|Any CPU
		{8FAE7F76-3B78-444D-B8AF-F74084F6EE03}.Debug|Any CPU.Build.0 = Debug|Any CPU
		{8FAE7F76-3B78-444D-B8AF-F74084F6EE03}.Release|Any CPU.ActiveCfg = Release|Any CPU
		{8FAE7F76-3B78-444D-B8AF-F74084F6EE03}.Release|Any CPU.Build.0 = Release|Any CPU
	EndGlobalSection
	GlobalSection(SolutionProperties) = preSolution
		HideSolutionNode = FALSE
	EndGlobalSection
	GlobalSection(ExtensibilityGlobals) = postSolution
		SolutionGuid = {C8F346EA-9ACC-4778-A346-48A8E70D29F7}
	EndGlobalSection
EndGlobal
