
Microsoft Visual Studio Solution File, Format Version 12.00
# Visual Studio Version 16
VisualStudioVersion = 16.0.30317.65
MinimumVisualStudioVersion = 10.0.40219.1
Project("{FAE04EC0-301F-11D3-BF4B-00C04F79EFBC}") = "CH01_NativeCompilation", "CH01_NativeCompilation_Uwp\CH01_NativeCompilation.csproj", "{B7598D5E-D657-42EB-B312-73AFA6E3658F}"
EndProject
Global
	GlobalSection(SolutionConfigurationPlatforms) = preSolution
		Debug|ARM = Debug|ARM
		Debug|ARM64 = Debug|ARM64
		Debug|x64 = Debug|x64
		Debug|x86 = Debug|x86
		Release|ARM = Release|ARM
		Release|ARM64 = Release|ARM64
		Release|x64 = Release|x64
		Release|x86 = Release|x86
	EndGlobalSection
	GlobalSection(ProjectConfigurationPlatforms) = postSolution
		{B7598D5E-D657-42EB-B312-73AFA6E3658F}.Debug|ARM.ActiveCfg = Debug|ARM
		{B7598D5E-D657-42EB-B312-73AFA6E3658F}.Debug|ARM.Build.0 = Debug|ARM
		{B7598D5E-D657-42EB-B312-73AFA6E3658F}.Debug|ARM.Deploy.0 = Debug|ARM
		{B7598D5E-D657-42EB-B312-73AFA6E3658F}.Debug|ARM64.ActiveCfg = Debug|ARM64
		{B7598D5E-D657-42EB-B312-73AFA6E3658F}.Debug|ARM64.Build.0 = Debug|ARM64
		{B7598D5E-D657-42EB-B312-73AFA6E3658F}.Debug|ARM64.Deploy.0 = Debug|ARM64
		{B7598D5E-D657-42EB-B312-73AFA6E3658F}.Debug|x64.ActiveCfg = Debug|x64
		{B7598D5E-D657-42EB-B312-73AFA6E3658F}.Debug|x64.Build.0 = Debug|x64
		{B7598D5E-D657-42EB-B312-73AFA6E3658F}.Debug|x64.Deploy.0 = Debug|x64
		{B7598D5E-D657-42EB-B312-73AFA6E3658F}.Debug|x86.ActiveCfg = Debug|x86
		{B7598D5E-D657-42EB-B312-73AFA6E3658F}.Debug|x86.Build.0 = Debug|x86
		{B7598D5E-D657-42EB-B312-73AFA6E3658F}.Debug|x86.Deploy.0 = Debug|x86
		{B7598D5E-D657-42EB-B312-73AFA6E3658F}.Release|ARM.ActiveCfg = Release|ARM
		{B7598D5E-D657-42EB-B312-73AFA6E3658F}.Release|ARM.Build.0 = Release|ARM
		{B7598D5E-D657-42EB-B312-73AFA6E3658F}.Release|ARM.Deploy.0 = Release|ARM
		{B7598D5E-D657-42EB-B312-73AFA6E3658F}.Release|ARM64.ActiveCfg = Release|ARM64
		{B7598D5E-D657-42EB-B312-73AFA6E3658F}.Release|ARM64.Build.0 = Release|ARM64
		{B7598D5E-D657-42EB-B312-73AFA6E3658F}.Release|ARM64.Deploy.0 = Release|ARM64
		{B7598D5E-D657-42EB-B312-73AFA6E3658F}.Release|x64.ActiveCfg = Release|x64
		{B7598D5E-D657-42EB-B312-73AFA6E3658F}.Release|x64.Build.0 = Release|x64
		{B7598D5E-D657-42EB-B312-73AFA6E3658F}.Release|x64.Deploy.0 = Release|x64
		{B7598D5E-D657-42EB-B312-73AFA6E3658F}.Release|x86.ActiveCfg = Release|x86
		{B7598D5E-D657-42EB-B312-73AFA6E3658F}.Release|x86.Build.0 = Release|x86
		{B7598D5E-D657-42EB-B312-73AFA6E3658F}.Release|x86.Deploy.0 = Release|x86
	EndGlobalSection
	GlobalSection(SolutionProperties) = preSolution
		HideSolutionNode = FALSE
	EndGlobalSection
	GlobalSection(ExtensibilityGlobals) = postSolution
		SolutionGuid = {FA1722E3-B0B1-4752-A064-8D254762D3CD}
	EndGlobalSection
EndGlobal
