
Microsoft Visual Studio Solution File, Format Version 12.00
# Visual Studio Version 16
VisualStudioVersion = 16.0.30404.54
MinimumVisualStudioVersion = 15.0.26124.0
Project("{2150E333-8FDC-42A3-9474-1A3956D46DE8}") = "CH01", "CH01", "{CEF1B14A-CE87-4C86-BF0C-3EFB74A38546}"
EndProject
Project("{2150E333-8FDC-42A3-9474-1A3956D46DE8}") = "CH02", "CH02", "{F6EEC45D-3876-450C-8E11-86E0C39FDCD0}"
EndProject
Project("{2150E333-8FDC-42A3-9474-1A3956D46DE8}") = "CH03", "CH03", "{6A1B5362-D1B0-48C5-A8FD-A904003022CF}"
EndProject
Project("{2150E333-8FDC-42A3-9474-1A3956D46DE8}") = "CH04", "CH04", "{EE1BB0D0-01B8-4A34-BD53-D3259863A899}"
EndProject
Project("{2150E333-8FDC-42A3-9474-1A3956D46DE8}") = "CH09", "CH09", "{71D8B1E7-8EE2-4305-8903-AEE49B77BB6F}"
EndProject
Project("{2150E333-8FDC-42A3-9474-1A3956D46DE8}") = "CH05", "CH05", "{B42CC612-500D-4332-A667-6BB6EB3543E6}"
EndProject
Project("{2150E333-8FDC-42A3-9474-1A3956D46DE8}") = "CH06", "CH06", "{F97123C2-E900-42D9-8FBE-4EAF892D3736}"
EndProject
Project("{2150E333-8FDC-42A3-9474-1A3956D46DE8}") = "CH07", "CH07", "{5E6A0988-E1EE-4F69-99F3-8FA6B115EFA1}"
EndProject
Project("{2150E333-8FDC-42A3-9474-1A3956D46DE8}") = "CH08", "CH08", "{55AED635-9FB9-46C7-8AE1-BDD7E01BF577}"
EndProject
Project("{2150E333-8FDC-42A3-9474-1A3956D46DE8}") = "CH10", "CH10", "{D1DF5588-202E-4CA6-A5C8-0E34201EB13B}"
EndProject
Project("{2150E333-8FDC-42A3-9474-1A3956D46DE8}") = "CH11", "CH11", "{B1C3BE03-DED9-48F7-93CD-00AD1301633A}"
EndProject
Project("{2150E333-8FDC-42A3-9474-1A3956D46DE8}") = "CH12", "CH12", "{A106ED71-2AE7-4D72-B872-BBDF3271F0D7}"
EndProject
Project("{2150E333-8FDC-42A3-9474-1A3956D46DE8}") = "CH13", "CH13", "{EEA5A4C6-A486-4EC5-9291-29F7D594B4F8}"
EndProject
Project("{2150E333-8FDC-42A3-9474-1A3956D46DE8}") = "CH14", "CH14", "{CD5B2570-3021-4FD5-9F4A-C8E016BFE5F7}"
EndProject
Project("{9A19103F-16F7-4668-BE54-9A1E7A4F7556}") = "CH01_Books", "CH01\CH01_Books\CH01_Books\CH01_Books.csproj", "{1037551B-9171-4822-BEDC-C9CC82D1A090}"
EndProject
Project("{9A19103F-16F7-4668-BE54-9A1E7A4F7556}") = "CH01_CovariantReturns", "CH01\CH01_CovariantReturns\CH01_CovariantReturns\CH01_CovariantReturns.csproj", "{1C8B8589-7729-41B1-B8A3-DB6576E0CD88}"
EndProject
Project("{9A19103F-16F7-4668-BE54-9A1E7A4F7556}") = "CH01_HelloWorld", "CH01\CH01_HelloWorld\CH01_HelloWorld\CH01_HelloWorld.csproj", "{E735FCC0-EA1E-4093-A073-4ACD6A851F95}"
EndProject
Project("{9A19103F-16F7-4668-BE54-9A1E7A4F7556}") = "CH01_PatternMatching", "CH01\CH01_PatternMatching\CH01_PatternMatching\CH01_PatternMatching.csproj", "{4613F754-4C02-4810-856E-922CBBBC22C3}"
EndProject
Project("{9A19103F-16F7-4668-BE54-9A1E7A4F7556}") = "CH01_Records", "CH01\CH01_Records\CH01_Records\CH01_Records.csproj", "{453CA23B-B0B4-45CB-A862-4D71E5C6C90E}"
EndProject
Project("{9A19103F-16F7-4668-BE54-9A1E7A4F7556}") = "CH01_TargetedTypeEpressions", "CH01\CH01_TypedTypeEpressions\CH01_TypedTypeEpressions\CH01_TargetedTypeEpressions.csproj", "{450B24B9-C412-4055-A6B6-42E329B4AAC1}"
EndProject
Project("{FAE04EC0-301F-11D3-BF4B-00C04F79EFBC}") = "CH01_NativeCompilation_Uwp", "CH01\CH01_NativeCompilation_Uwp\CH01_NativeCompilation_Uwp\CH01_NativeCompilation_Uwp.csproj", "{B7598D5E-D657-42EB-B312-73AFA6E3658F}"
EndProject
Project("{9A19103F-16F7-4668-BE54-9A1E7A4F7556}") = "CH02_PInvoke", "CH02\CH02_PInvoke\CH02_PInvoke.csproj", "{3C51FEF4-F9E9-48C2-8D0E-81759F3C92A5}"
EndProject
Project("{9A19103F-16F7-4668-BE54-9A1E7A4F7556}") = "CH02_PythonIntegration", "CH02\CH02_PythonIntegration\CH02_PythonIntegration\CH02_PythonIntegration.csproj", "{7ED26B85-761E-47B8-9AB0-93EFDE526AFD}"
EndProject
Project("{FAE04EC0-301F-11D3-BF4B-00C04F79EFBC}") = "CH02_Excel", "CH02\CH02_Excel\CH02_Excel.csproj", "{7FB19A96-E730-4A7E-9632-CCF60C686F5E}"
EndProject
Project("{FAE04EC0-301F-11D3-BF4B-00C04F79EFBC}") = "CH02_ExcelVstoAddIn", "CH02\CH02_ExcelVstoAddIn\CH02_ExcelVstoAddIn.csproj", "{A2411A08-B4C5-4FC7-9D30-677965D38106}"
EndProject
Project("{9A19103F-16F7-4668-BE54-9A1E7A4F7556}") = "CH02_ObjectCleanup", "CH02\CH02_ObjectCleanup\CH02_ObjectCleanup.csproj", "{9F2C1843-A293-4574-ADA2-C44126A1ED23}"
EndProject
Project("{9A19103F-16F7-4668-BE54-9A1E7A4F7556}") = "CH01_NativeCompilation", "CH01\CH01_NativeCompilation\CH01_NativeCompilation.csproj", "{ADB9D5D3-E164-4F7C-91C1-6448534BBFEE}"
EndProject
Project("{9A19103F-16F7-4668-BE54-9A1E7A4F7556}") = "CH03_PrimitivesAndObjectTypes", "CH03\CH03_PrimitivesAndObjectTypes\CH03_PrimitivesAndObjectTypes.csproj", "{EAFD5B79-14D6-485E-8D9B-880EACF5853F}"
EndProject
Project("{9A19103F-16F7-4668-BE54-9A1E7A4F7556}") = "CH03_StackAndHeap", "CH03\CH03_StackAndHeap\CH03_StackAndHeap.csproj", "{4B8A892D-828C-4FF4-B145-6663A9F547D5}"
EndProject
Project("{9A19103F-16F7-4668-BE54-9A1E7A4F7556}") = "CH03_PassByValueAndReference", "CH03\CH03_PassByValueAndReference\CH03_PassByValueAndReference.csproj", "{05E01624-49A1-43DB-94AF-07A2993D1363}"
EndProject
Project("{9A19103F-16F7-4668-BE54-9A1E7A4F7556}") = "CH03_StringsAreImmutable", "CH03\CH03_StringsAreImmutable\CH03_StringsAreImmutable.csproj", "{529A3F55-4A51-44DF-B8D7-13C3721110F6}"
EndProject
Project("{9A19103F-16F7-4668-BE54-9A1E7A4F7556}") = "CH03_BoxingAndUnboxing", "CH03\CH03_BoxingAndUnboxing\CH03_BoxingAndUnboxing.csproj", "{6E053935-D5EF-49FC-BA73-0B7914EEE9D5}"
EndProject
Project("{9A19103F-16F7-4668-BE54-9A1E7A4F7556}") = "CH04_WeakReferences", "CH04\CH04_WeakReferences\CH04_WeakReferences.csproj", "{744C41BB-C427-49C6-B1E3-6A3F87D8DA6D}"
EndProject
Project("{9A19103F-16F7-4668-BE54-9A1E7A4F7556}") = "CH04_OutOfMemoryExceptions", "CH04\CH04_OutOfMemoryExceptions\CH04_OutOfMemoryExceptions.csproj", "{52D1E33A-019A-4E83-89CB-ABA6E3DCF628}"
EndProject
Project("{9A19103F-16F7-4668-BE54-9A1E7A4F7556}") = "CH04_PreventingMemoryLeaks", "CH04\CH04_PreventingMemoryLeaks\CH04_PreventingMemoryLeaks.csproj", "{458CA484-5C1B-421B-9F0A-D133E67F5CD4}"
EndProject
Project("{9A19103F-16F7-4668-BE54-9A1E7A4F7556}") = "CH04_Finalization", "CH04\CH04_Finalization\CH04_Finalization.csproj", "{CA44AA8D-650A-4270-AAFE-EC278A5A44CF}"
EndProject
Project("{9A19103F-16F7-4668-BE54-9A1E7A4F7556}") = "CH03_DynamicPerformance", "CH03\CH03_DynamicPerformance\CH03_DynamicPerformance.csproj", "{1A384B78-3986-40D4-91BF-935D61864689}"
EndProject
Project("{2150E333-8FDC-42A3-9474-1A3956D46DE8}") = "Solution Items", "Solution Items", "{5DF2BB99-1EB3-4299-B16B-A7C7803C29AA}"
	ProjectSection(SolutionItems) = preProject
		.editorconfig = .editorconfig
	EndProjectSection
EndProject
Project("{9A19103F-16F7-4668-BE54-9A1E7A4F7556}") = "CH04_PreventingMemoryLeaks.WinForms", "CH04\CH04_PreventingMemoryLeaks.WinForms\CH04_PreventingMemoryLeaks.WinForms.csproj", "{B22B83E2-42D7-41FD-8DC5-52840141554E}"
EndProject
Project("{9A19103F-16F7-4668-BE54-9A1E7A4F7556}") = "CH06_Collections", "CH06\CH06_Collections\CH06_Collections\CH06_Collections.csproj", "{1C49B739-7715-4AF2-80F1-111C947C22A8}"
EndProject
Project("{9A19103F-16F7-4668-BE54-9A1E7A4F7556}") = "CH08_FileAndStreamIO", "CH08\CH08_FileAndStreamIO\CH08_FileAndStreamIO.csproj", "{0DE5F758-20AE-4397-ABF3-305D4A155A28}"
EndProject
Project("{9A19103F-16F7-4668-BE54-9A1E7A4F7556}") = "CH09_GrpcService", "CH09\CH09_GrpcService\CH09_GrpcService.csproj", "{6355AC91-98A0-4CA3-B114-537BA305DF4F}"
EndProject
Project("{9A19103F-16F7-4668-BE54-9A1E7A4F7556}") = "CH09_GrpcServiceClient", "CH09\CH09_GrpcServiceClient\CH09_GrpcServiceClient.csproj", "{C24CF58E-6FE1-4D89-8BC4-24E206326FD6}"
EndProject
Project("{9A19103F-16F7-4668-BE54-9A1E7A4F7556}") = "CH09_gRpcWeb.Shared", "CH09\CH09_gRpcWeb.Shared\CH09_gRpcWeb.Shared.csproj", "{2612E119-0869-4FDE-B054-15052D6624B1}"
EndProject
Project("{9A19103F-16F7-4668-BE54-9A1E7A4F7556}") = "CH09_gRpcWeb.Server", "CH09\CH09_gRpcWeb.Server\CH09_gRpcWeb.Server.csproj", "{8A183BF5-8298-4DD0-BA06-7EAB3533724F}"
EndProject
Project("{9A19103F-16F7-4668-BE54-9A1E7A4F7556}") = "CH09_gRpcWeb.Client", "CH09\CH09_gRpcWeb.Client\CH09_gRpcWeb.Client.csproj", "{52B0704B-D7F0-4837-AF5E-CEA4D23D1D3F}"
EndProject
Project("{9A19103F-16F7-4668-BE54-9A1E7A4F7556}") = "CH05_GameOfLife", "CH05\CH05_GameOfLife\CH05_GameOfLife.csproj", "{9C5BDBC8-4484-4E0F-913B-737488B90898}"
EndProject
Project("{9A19103F-16F7-4668-BE54-9A1E7A4F7556}") = "CH02_UnsafeCode", "CH02\CH02_UnsafeCode\CH02_UnsafeCode\CH02_UnsafeCode.csproj", "{D9A2B4C2-805F-4400-A895-918508317952}"
EndProject
Project("{9A19103F-16F7-4668-BE54-9A1E7A4F7556}") = "CH05_BatchFileProcessing", "CH05\CH05_BatchFileProcessing\CH05_BatchFileProcessing.csproj", "{3898A852-9B75-479B-BA7B-B3E9F410440F}"
EndProject
Project("{9A19103F-16F7-4668-BE54-9A1E7A4F7556}") = "CH09_TcpServer", "CH09\CH09_TcpServer\CH09_TcpServer.csproj", "{6297B588-EEEC-48AD-968E-56EA2EA4B336}"
EndProject
Project("{9A19103F-16F7-4668-BE54-9A1E7A4F7556}") = "CH09_TcpClient", "CH09\CH09_TcpClient\CH09_TcpClient.csproj", "{4F81D1E7-1323-4A7F-B1C9-AB44226B61B5}"
EndProject
Project("{9A19103F-16F7-4668-BE54-9A1E7A4F7556}") = "CH09_OsiReferenceModel", "CH09\CH09_OsiReferenceModel\CH09_OsiReferenceModel.csproj", "{D9688358-FADB-4E8E-A049-B60A02B82D6A}"
EndProject
Project("{9A19103F-16F7-4668-BE54-9A1E7A4F7556}") = "CH09_Caching", "CH09\CH09_Caching\CH09_Caching.csproj", "{B91BD3DE-BE3E-429F-BD1B-716E1BD96C79}"
EndProject
Project("{9A19103F-16F7-4668-BE54-9A1E7A4F7556}") = "CH09_AspNetCoreCaching", "CH09\CH09_AspNetCoreCaching\CH09_AspNetCoreCaching.csproj", "{546D23B5-7F86-46B4-8F02-305A9BF07749}"
EndProject
Project("{9A19103F-16F7-4668-BE54-9A1E7A4F7556}") = "CH07_LinqPerformance", "CH07\CH07_LinqPerformance\CH07_LinqPerformance.csproj", "{21B89F62-E5E5-4953-AA7D-2FF89D006645}"
EndProject
Project("{9A19103F-16F7-4668-BE54-9A1E7A4F7556}") = "CH10_AdoDotNet", "CH10\CH10_AdoDotNet\CH10_AdoDotNet.csproj", "{E0A48907-06BE-420D-BB64-ECA23BE222A2}"
EndProject
Project("{2150E333-8FDC-42A3-9474-1A3956D46DE8}") = "CH15", "CH15", "{5C26EA6B-4493-4558-8EEE-0BAAD8C9FB28}"
EndProject
Global
	GlobalSection(SolutionConfigurationPlatforms) = preSolution
		Debug|Any CPU = Debug|Any CPU
		Debug|ARM = Debug|ARM
		Debug|ARM64 = Debug|ARM64
		Debug|x64 = Debug|x64
		Debug|x86 = Debug|x86
		Release|Any CPU = Release|Any CPU
		Release|ARM = Release|ARM
		Release|ARM64 = Release|ARM64
		Release|x64 = Release|x64
		Release|x86 = Release|x86
	EndGlobalSection
	GlobalSection(ProjectConfigurationPlatforms) = postSolution
		{1037551B-9171-4822-BEDC-C9CC82D1A090}.Debug|Any CPU.ActiveCfg = Debug|Any CPU
		{1037551B-9171-4822-BEDC-C9CC82D1A090}.Debug|Any CPU.Build.0 = Debug|Any CPU
		{1037551B-9171-4822-BEDC-C9CC82D1A090}.Debug|ARM.ActiveCfg = Debug|Any CPU
		{1037551B-9171-4822-BEDC-C9CC82D1A090}.Debug|ARM.Build.0 = Debug|Any CPU
		{1037551B-9171-4822-BEDC-C9CC82D1A090}.Debug|ARM64.ActiveCfg = Debug|Any CPU
		{1037551B-9171-4822-BEDC-C9CC82D1A090}.Debug|ARM64.Build.0 = Debug|Any CPU
		{1037551B-9171-4822-BEDC-C9CC82D1A090}.Debug|x64.ActiveCfg = Debug|Any CPU
		{1037551B-9171-4822-BEDC-C9CC82D1A090}.Debug|x64.Build.0 = Debug|Any CPU
		{1037551B-9171-4822-BEDC-C9CC82D1A090}.Debug|x86.ActiveCfg = Debug|Any CPU
		{1037551B-9171-4822-BEDC-C9CC82D1A090}.Debug|x86.Build.0 = Debug|Any CPU
		{1037551B-9171-4822-BEDC-C9CC82D1A090}.Release|Any CPU.ActiveCfg = Release|Any CPU
		{1037551B-9171-4822-BEDC-C9CC82D1A090}.Release|Any CPU.Build.0 = Release|Any CPU
		{1037551B-9171-4822-BEDC-C9CC82D1A090}.Release|ARM.ActiveCfg = Release|Any CPU
		{1037551B-9171-4822-BEDC-C9CC82D1A090}.Release|ARM.Build.0 = Release|Any CPU
		{1037551B-9171-4822-BEDC-C9CC82D1A090}.Release|ARM64.ActiveCfg = Release|Any CPU
		{1037551B-9171-4822-BEDC-C9CC82D1A090}.Release|ARM64.Build.0 = Release|Any CPU
		{1037551B-9171-4822-BEDC-C9CC82D1A090}.Release|x64.ActiveCfg = Release|Any CPU
		{1037551B-9171-4822-BEDC-C9CC82D1A090}.Release|x64.Build.0 = Release|Any CPU
		{1037551B-9171-4822-BEDC-C9CC82D1A090}.Release|x86.ActiveCfg = Release|Any CPU
		{1037551B-9171-4822-BEDC-C9CC82D1A090}.Release|x86.Build.0 = Release|Any CPU
		{1C8B8589-7729-41B1-B8A3-DB6576E0CD88}.Debug|Any CPU.ActiveCfg = Debug|Any CPU
		{1C8B8589-7729-41B1-B8A3-DB6576E0CD88}.Debug|Any CPU.Build.0 = Debug|Any CPU
		{1C8B8589-7729-41B1-B8A3-DB6576E0CD88}.Debug|ARM.ActiveCfg = Debug|Any CPU
		{1C8B8589-7729-41B1-B8A3-DB6576E0CD88}.Debug|ARM.Build.0 = Debug|Any CPU
		{1C8B8589-7729-41B1-B8A3-DB6576E0CD88}.Debug|ARM64.ActiveCfg = Debug|Any CPU
		{1C8B8589-7729-41B1-B8A3-DB6576E0CD88}.Debug|ARM64.Build.0 = Debug|Any CPU
		{1C8B8589-7729-41B1-B8A3-DB6576E0CD88}.Debug|x64.ActiveCfg = Debug|Any CPU
		{1C8B8589-7729-41B1-B8A3-DB6576E0CD88}.Debug|x64.Build.0 = Debug|Any CPU
		{1C8B8589-7729-41B1-B8A3-DB6576E0CD88}.Debug|x86.ActiveCfg = Debug|Any CPU
		{1C8B8589-7729-41B1-B8A3-DB6576E0CD88}.Debug|x86.Build.0 = Debug|Any CPU
		{1C8B8589-7729-41B1-B8A3-DB6576E0CD88}.Release|Any CPU.ActiveCfg = Release|Any CPU
		{1C8B8589-7729-41B1-B8A3-DB6576E0CD88}.Release|Any CPU.Build.0 = Release|Any CPU
		{1C8B8589-7729-41B1-B8A3-DB6576E0CD88}.Release|ARM.ActiveCfg = Release|Any CPU
		{1C8B8589-7729-41B1-B8A3-DB6576E0CD88}.Release|ARM.Build.0 = Release|Any CPU
		{1C8B8589-7729-41B1-B8A3-DB6576E0CD88}.Release|ARM64.ActiveCfg = Release|Any CPU
		{1C8B8589-7729-41B1-B8A3-DB6576E0CD88}.Release|ARM64.Build.0 = Release|Any CPU
		{1C8B8589-7729-41B1-B8A3-DB6576E0CD88}.Release|x64.ActiveCfg = Release|Any CPU
		{1C8B8589-7729-41B1-B8A3-DB6576E0CD88}.Release|x64.Build.0 = Release|Any CPU
		{1C8B8589-7729-41B1-B8A3-DB6576E0CD88}.Release|x86.ActiveCfg = Release|Any CPU
		{1C8B8589-7729-41B1-B8A3-DB6576E0CD88}.Release|x86.Build.0 = Release|Any CPU
		{E735FCC0-EA1E-4093-A073-4ACD6A851F95}.Debug|Any CPU.ActiveCfg = Debug|Any CPU
		{E735FCC0-EA1E-4093-A073-4ACD6A851F95}.Debug|Any CPU.Build.0 = Debug|Any CPU
		{E735FCC0-EA1E-4093-A073-4ACD6A851F95}.Debug|ARM.ActiveCfg = Debug|Any CPU
		{E735FCC0-EA1E-4093-A073-4ACD6A851F95}.Debug|ARM.Build.0 = Debug|Any CPU
		{E735FCC0-EA1E-4093-A073-4ACD6A851F95}.Debug|ARM64.ActiveCfg = Debug|Any CPU
		{E735FCC0-EA1E-4093-A073-4ACD6A851F95}.Debug|ARM64.Build.0 = Debug|Any CPU
		{E735FCC0-EA1E-4093-A073-4ACD6A851F95}.Debug|x64.ActiveCfg = Debug|Any CPU
		{E735FCC0-EA1E-4093-A073-4ACD6A851F95}.Debug|x64.Build.0 = Debug|Any CPU
		{E735FCC0-EA1E-4093-A073-4ACD6A851F95}.Debug|x86.ActiveCfg = Debug|Any CPU
		{E735FCC0-EA1E-4093-A073-4ACD6A851F95}.Debug|x86.Build.0 = Debug|Any CPU
		{E735FCC0-EA1E-4093-A073-4ACD6A851F95}.Release|Any CPU.ActiveCfg = Release|Any CPU
		{E735FCC0-EA1E-4093-A073-4ACD6A851F95}.Release|Any CPU.Build.0 = Release|Any CPU
		{E735FCC0-EA1E-4093-A073-4ACD6A851F95}.Release|ARM.ActiveCfg = Release|Any CPU
		{E735FCC0-EA1E-4093-A073-4ACD6A851F95}.Release|ARM.Build.0 = Release|Any CPU
		{E735FCC0-EA1E-4093-A073-4ACD6A851F95}.Release|ARM64.ActiveCfg = Release|Any CPU
		{E735FCC0-EA1E-4093-A073-4ACD6A851F95}.Release|ARM64.Build.0 = Release|Any CPU
		{E735FCC0-EA1E-4093-A073-4ACD6A851F95}.Release|x64.ActiveCfg = Release|Any CPU
		{E735FCC0-EA1E-4093-A073-4ACD6A851F95}.Release|x64.Build.0 = Release|Any CPU
		{E735FCC0-EA1E-4093-A073-4ACD6A851F95}.Release|x86.ActiveCfg = Release|Any CPU
		{E735FCC0-EA1E-4093-A073-4ACD6A851F95}.Release|x86.Build.0 = Release|Any CPU
		{4613F754-4C02-4810-856E-922CBBBC22C3}.Debug|Any CPU.ActiveCfg = Debug|Any CPU
		{4613F754-4C02-4810-856E-922CBBBC22C3}.Debug|Any CPU.Build.0 = Debug|Any CPU
		{4613F754-4C02-4810-856E-922CBBBC22C3}.Debug|ARM.ActiveCfg = Debug|Any CPU
		{4613F754-4C02-4810-856E-922CBBBC22C3}.Debug|ARM.Build.0 = Debug|Any CPU
		{4613F754-4C02-4810-856E-922CBBBC22C3}.Debug|ARM64.ActiveCfg = Debug|Any CPU
		{4613F754-4C02-4810-856E-922CBBBC22C3}.Debug|ARM64.Build.0 = Debug|Any CPU
		{4613F754-4C02-4810-856E-922CBBBC22C3}.Debug|x64.ActiveCfg = Debug|Any CPU
		{4613F754-4C02-4810-856E-922CBBBC22C3}.Debug|x64.Build.0 = Debug|Any CPU
		{4613F754-4C02-4810-856E-922CBBBC22C3}.Debug|x86.ActiveCfg = Debug|Any CPU
		{4613F754-4C02-4810-856E-922CBBBC22C3}.Debug|x86.Build.0 = Debug|Any CPU
		{4613F754-4C02-4810-856E-922CBBBC22C3}.Release|Any CPU.ActiveCfg = Release|Any CPU
		{4613F754-4C02-4810-856E-922CBBBC22C3}.Release|Any CPU.Build.0 = Release|Any CPU
		{4613F754-4C02-4810-856E-922CBBBC22C3}.Release|ARM.ActiveCfg = Release|Any CPU
		{4613F754-4C02-4810-856E-922CBBBC22C3}.Release|ARM.Build.0 = Release|Any CPU
		{4613F754-4C02-4810-856E-922CBBBC22C3}.Release|ARM64.ActiveCfg = Release|Any CPU
		{4613F754-4C02-4810-856E-922CBBBC22C3}.Release|ARM64.Build.0 = Release|Any CPU
		{4613F754-4C02-4810-856E-922CBBBC22C3}.Release|x64.ActiveCfg = Release|Any CPU
		{4613F754-4C02-4810-856E-922CBBBC22C3}.Release|x64.Build.0 = Release|Any CPU
		{4613F754-4C02-4810-856E-922CBBBC22C3}.Release|x86.ActiveCfg = Release|Any CPU
		{4613F754-4C02-4810-856E-922CBBBC22C3}.Release|x86.Build.0 = Release|Any CPU
		{453CA23B-B0B4-45CB-A862-4D71E5C6C90E}.Debug|Any CPU.ActiveCfg = Debug|Any CPU
		{453CA23B-B0B4-45CB-A862-4D71E5C6C90E}.Debug|Any CPU.Build.0 = Debug|Any CPU
		{453CA23B-B0B4-45CB-A862-4D71E5C6C90E}.Debug|ARM.ActiveCfg = Debug|Any CPU
		{453CA23B-B0B4-45CB-A862-4D71E5C6C90E}.Debug|ARM.Build.0 = Debug|Any CPU
		{453CA23B-B0B4-45CB-A862-4D71E5C6C90E}.Debug|ARM64.ActiveCfg = Debug|Any CPU
		{453CA23B-B0B4-45CB-A862-4D71E5C6C90E}.Debug|ARM64.Build.0 = Debug|Any CPU
		{453CA23B-B0B4-45CB-A862-4D71E5C6C90E}.Debug|x64.ActiveCfg = Debug|Any CPU
		{453CA23B-B0B4-45CB-A862-4D71E5C6C90E}.Debug|x64.Build.0 = Debug|Any CPU
		{453CA23B-B0B4-45CB-A862-4D71E5C6C90E}.Debug|x86.ActiveCfg = Debug|Any CPU
		{453CA23B-B0B4-45CB-A862-4D71E5C6C90E}.Debug|x86.Build.0 = Debug|Any CPU
		{453CA23B-B0B4-45CB-A862-4D71E5C6C90E}.Release|Any CPU.ActiveCfg = Release|Any CPU
		{453CA23B-B0B4-45CB-A862-4D71E5C6C90E}.Release|Any CPU.Build.0 = Release|Any CPU
		{453CA23B-B0B4-45CB-A862-4D71E5C6C90E}.Release|ARM.ActiveCfg = Release|Any CPU
		{453CA23B-B0B4-45CB-A862-4D71E5C6C90E}.Release|ARM.Build.0 = Release|Any CPU
		{453CA23B-B0B4-45CB-A862-4D71E5C6C90E}.Release|ARM64.ActiveCfg = Release|Any CPU
		{453CA23B-B0B4-45CB-A862-4D71E5C6C90E}.Release|ARM64.Build.0 = Release|Any CPU
		{453CA23B-B0B4-45CB-A862-4D71E5C6C90E}.Release|x64.ActiveCfg = Release|Any CPU
		{453CA23B-B0B4-45CB-A862-4D71E5C6C90E}.Release|x64.Build.0 = Release|Any CPU
		{453CA23B-B0B4-45CB-A862-4D71E5C6C90E}.Release|x86.ActiveCfg = Release|Any CPU
		{453CA23B-B0B4-45CB-A862-4D71E5C6C90E}.Release|x86.Build.0 = Release|Any CPU
		{450B24B9-C412-4055-A6B6-42E329B4AAC1}.Debug|Any CPU.ActiveCfg = Debug|Any CPU
		{450B24B9-C412-4055-A6B6-42E329B4AAC1}.Debug|Any CPU.Build.0 = Debug|Any CPU
		{450B24B9-C412-4055-A6B6-42E329B4AAC1}.Debug|ARM.ActiveCfg = Debug|Any CPU
		{450B24B9-C412-4055-A6B6-42E329B4AAC1}.Debug|ARM.Build.0 = Debug|Any CPU
		{450B24B9-C412-4055-A6B6-42E329B4AAC1}.Debug|ARM64.ActiveCfg = Debug|Any CPU
		{450B24B9-C412-4055-A6B6-42E329B4AAC1}.Debug|ARM64.Build.0 = Debug|Any CPU
		{450B24B9-C412-4055-A6B6-42E329B4AAC1}.Debug|x64.ActiveCfg = Debug|Any CPU
		{450B24B9-C412-4055-A6B6-42E329B4AAC1}.Debug|x64.Build.0 = Debug|Any CPU
		{450B24B9-C412-4055-A6B6-42E329B4AAC1}.Debug|x86.ActiveCfg = Debug|Any CPU
		{450B24B9-C412-4055-A6B6-42E329B4AAC1}.Debug|x86.Build.0 = Debug|Any CPU
		{450B24B9-C412-4055-A6B6-42E329B4AAC1}.Release|Any CPU.ActiveCfg = Release|Any CPU
		{450B24B9-C412-4055-A6B6-42E329B4AAC1}.Release|Any CPU.Build.0 = Release|Any CPU
		{450B24B9-C412-4055-A6B6-42E329B4AAC1}.Release|ARM.ActiveCfg = Release|Any CPU
		{450B24B9-C412-4055-A6B6-42E329B4AAC1}.Release|ARM.Build.0 = Release|Any CPU
		{450B24B9-C412-4055-A6B6-42E329B4AAC1}.Release|ARM64.ActiveCfg = Release|Any CPU
		{450B24B9-C412-4055-A6B6-42E329B4AAC1}.Release|ARM64.Build.0 = Release|Any CPU
		{450B24B9-C412-4055-A6B6-42E329B4AAC1}.Release|x64.ActiveCfg = Release|Any CPU
		{450B24B9-C412-4055-A6B6-42E329B4AAC1}.Release|x64.Build.0 = Release|Any CPU
		{450B24B9-C412-4055-A6B6-42E329B4AAC1}.Release|x86.ActiveCfg = Release|Any CPU
		{450B24B9-C412-4055-A6B6-42E329B4AAC1}.Release|x86.Build.0 = Release|Any CPU
		{B7598D5E-D657-42EB-B312-73AFA6E3658F}.Debug|Any CPU.ActiveCfg = Debug|x86
		{B7598D5E-D657-42EB-B312-73AFA6E3658F}.Debug|ARM.ActiveCfg = Debug|ARM
		{B7598D5E-D657-42EB-B312-73AFA6E3658F}.Debug|ARM.Build.0 = Debug|ARM
		{B7598D5E-D657-42EB-B312-73AFA6E3658F}.Debug|ARM.Deploy.0 = Debug|ARM
		{B7598D5E-D657-42EB-B312-73AFA6E3658F}.Debug|ARM64.ActiveCfg = Debug|ARM64
		{B7598D5E-D657-42EB-B312-73AFA6E3658F}.Debug|ARM64.Build.0 = Debug|ARM64
		{B7598D5E-D657-42EB-B312-73AFA6E3658F}.Debug|ARM64.Deploy.0 = Debug|ARM64
		{B7598D5E-D657-42EB-B312-73AFA6E3658F}.Debug|x64.ActiveCfg = Debug|x64
		{B7598D5E-D657-42EB-B312-73AFA6E3658F}.Debug|x64.Build.0 = Debug|x64
		{B7598D5E-D657-42EB-B312-73AFA6E3658F}.Debug|x64.Deploy.0 = Debug|x64
		{B7598D5E-D657-42EB-B312-73AFA6E3658F}.Debug|x86.ActiveCfg = Debug|x86
		{B7598D5E-D657-42EB-B312-73AFA6E3658F}.Debug|x86.Build.0 = Debug|x86
		{B7598D5E-D657-42EB-B312-73AFA6E3658F}.Debug|x86.Deploy.0 = Debug|x86
		{B7598D5E-D657-42EB-B312-73AFA6E3658F}.Release|Any CPU.ActiveCfg = Release|x86
		{B7598D5E-D657-42EB-B312-73AFA6E3658F}.Release|ARM.ActiveCfg = Release|ARM
		{B7598D5E-D657-42EB-B312-73AFA6E3658F}.Release|ARM.Build.0 = Release|ARM
		{B7598D5E-D657-42EB-B312-73AFA6E3658F}.Release|ARM.Deploy.0 = Release|ARM
		{B7598D5E-D657-42EB-B312-73AFA6E3658F}.Release|ARM64.ActiveCfg = Release|ARM64
		{B7598D5E-D657-42EB-B312-73AFA6E3658F}.Release|ARM64.Build.0 = Release|ARM64
		{B7598D5E-D657-42EB-B312-73AFA6E3658F}.Release|ARM64.Deploy.0 = Release|ARM64
		{B7598D5E-D657-42EB-B312-73AFA6E3658F}.Release|x64.ActiveCfg = Release|x64
		{B7598D5E-D657-42EB-B312-73AFA6E3658F}.Release|x64.Build.0 = Release|x64
		{B7598D5E-D657-42EB-B312-73AFA6E3658F}.Release|x64.Deploy.0 = Release|x64
		{B7598D5E-D657-42EB-B312-73AFA6E3658F}.Release|x86.ActiveCfg = Release|x86
		{B7598D5E-D657-42EB-B312-73AFA6E3658F}.Release|x86.Build.0 = Release|x86
		{B7598D5E-D657-42EB-B312-73AFA6E3658F}.Release|x86.Deploy.0 = Release|x86
		{3C51FEF4-F9E9-48C2-8D0E-81759F3C92A5}.Debug|Any CPU.ActiveCfg = Debug|Any CPU
		{3C51FEF4-F9E9-48C2-8D0E-81759F3C92A5}.Debug|Any CPU.Build.0 = Debug|Any CPU
		{3C51FEF4-F9E9-48C2-8D0E-81759F3C92A5}.Debug|ARM.ActiveCfg = Debug|Any CPU
		{3C51FEF4-F9E9-48C2-8D0E-81759F3C92A5}.Debug|ARM.Build.0 = Debug|Any CPU
		{3C51FEF4-F9E9-48C2-8D0E-81759F3C92A5}.Debug|ARM64.ActiveCfg = Debug|Any CPU
		{3C51FEF4-F9E9-48C2-8D0E-81759F3C92A5}.Debug|ARM64.Build.0 = Debug|Any CPU
		{3C51FEF4-F9E9-48C2-8D0E-81759F3C92A5}.Debug|x64.ActiveCfg = Debug|x64
		{3C51FEF4-F9E9-48C2-8D0E-81759F3C92A5}.Debug|x64.Build.0 = Debug|x64
		{3C51FEF4-F9E9-48C2-8D0E-81759F3C92A5}.Debug|x86.ActiveCfg = Debug|Any CPU
		{3C51FEF4-F9E9-48C2-8D0E-81759F3C92A5}.Debug|x86.Build.0 = Debug|Any CPU
		{3C51FEF4-F9E9-48C2-8D0E-81759F3C92A5}.Release|Any CPU.ActiveCfg = Release|Any CPU
		{3C51FEF4-F9E9-48C2-8D0E-81759F3C92A5}.Release|Any CPU.Build.0 = Release|Any CPU
		{3C51FEF4-F9E9-48C2-8D0E-81759F3C92A5}.Release|ARM.ActiveCfg = Release|Any CPU
		{3C51FEF4-F9E9-48C2-8D0E-81759F3C92A5}.Release|ARM.Build.0 = Release|Any CPU
		{3C51FEF4-F9E9-48C2-8D0E-81759F3C92A5}.Release|ARM64.ActiveCfg = Release|Any CPU
		{3C51FEF4-F9E9-48C2-8D0E-81759F3C92A5}.Release|ARM64.Build.0 = Release|Any CPU
		{3C51FEF4-F9E9-48C2-8D0E-81759F3C92A5}.Release|x64.ActiveCfg = Release|Any CPU
		{3C51FEF4-F9E9-48C2-8D0E-81759F3C92A5}.Release|x64.Build.0 = Release|Any CPU
		{3C51FEF4-F9E9-48C2-8D0E-81759F3C92A5}.Release|x86.ActiveCfg = Release|Any CPU
		{3C51FEF4-F9E9-48C2-8D0E-81759F3C92A5}.Release|x86.Build.0 = Release|Any CPU
		{7ED26B85-761E-47B8-9AB0-93EFDE526AFD}.Debug|Any CPU.ActiveCfg = Debug|Any CPU
		{7ED26B85-761E-47B8-9AB0-93EFDE526AFD}.Debug|Any CPU.Build.0 = Debug|Any CPU
		{7ED26B85-761E-47B8-9AB0-93EFDE526AFD}.Debug|ARM.ActiveCfg = Debug|Any CPU
		{7ED26B85-761E-47B8-9AB0-93EFDE526AFD}.Debug|ARM.Build.0 = Debug|Any CPU
		{7ED26B85-761E-47B8-9AB0-93EFDE526AFD}.Debug|ARM64.ActiveCfg = Debug|Any CPU
		{7ED26B85-761E-47B8-9AB0-93EFDE526AFD}.Debug|ARM64.Build.0 = Debug|Any CPU
		{7ED26B85-761E-47B8-9AB0-93EFDE526AFD}.Debug|x64.ActiveCfg = Debug|Any CPU
		{7ED26B85-761E-47B8-9AB0-93EFDE526AFD}.Debug|x64.Build.0 = Debug|Any CPU
		{7ED26B85-761E-47B8-9AB0-93EFDE526AFD}.Debug|x86.ActiveCfg = Debug|Any CPU
		{7ED26B85-761E-47B8-9AB0-93EFDE526AFD}.Debug|x86.Build.0 = Debug|Any CPU
		{7ED26B85-761E-47B8-9AB0-93EFDE526AFD}.Release|Any CPU.ActiveCfg = Release|Any CPU
		{7ED26B85-761E-47B8-9AB0-93EFDE526AFD}.Release|Any CPU.Build.0 = Release|Any CPU
		{7ED26B85-761E-47B8-9AB0-93EFDE526AFD}.Release|ARM.ActiveCfg = Release|Any CPU
		{7ED26B85-761E-47B8-9AB0-93EFDE526AFD}.Release|ARM.Build.0 = Release|Any CPU
		{7ED26B85-761E-47B8-9AB0-93EFDE526AFD}.Release|ARM64.ActiveCfg = Release|Any CPU
		{7ED26B85-761E-47B8-9AB0-93EFDE526AFD}.Release|ARM64.Build.0 = Release|Any CPU
		{7ED26B85-761E-47B8-9AB0-93EFDE526AFD}.Release|x64.ActiveCfg = Release|Any CPU
		{7ED26B85-761E-47B8-9AB0-93EFDE526AFD}.Release|x64.Build.0 = Release|Any CPU
		{7ED26B85-761E-47B8-9AB0-93EFDE526AFD}.Release|x86.ActiveCfg = Release|Any CPU
		{7ED26B85-761E-47B8-9AB0-93EFDE526AFD}.Release|x86.Build.0 = Release|Any CPU
		{7FB19A96-E730-4A7E-9632-CCF60C686F5E}.Debug|Any CPU.ActiveCfg = Debug|Any CPU
		{7FB19A96-E730-4A7E-9632-CCF60C686F5E}.Debug|Any CPU.Build.0 = Debug|Any CPU
		{7FB19A96-E730-4A7E-9632-CCF60C686F5E}.Debug|ARM.ActiveCfg = Debug|Any CPU
		{7FB19A96-E730-4A7E-9632-CCF60C686F5E}.Debug|ARM.Build.0 = Debug|Any CPU
		{7FB19A96-E730-4A7E-9632-CCF60C686F5E}.Debug|ARM64.ActiveCfg = Debug|Any CPU
		{7FB19A96-E730-4A7E-9632-CCF60C686F5E}.Debug|ARM64.Build.0 = Debug|Any CPU
		{7FB19A96-E730-4A7E-9632-CCF60C686F5E}.Debug|x64.ActiveCfg = Debug|Any CPU
		{7FB19A96-E730-4A7E-9632-CCF60C686F5E}.Debug|x64.Build.0 = Debug|Any CPU
		{7FB19A96-E730-4A7E-9632-CCF60C686F5E}.Debug|x86.ActiveCfg = Debug|Any CPU
		{7FB19A96-E730-4A7E-9632-CCF60C686F5E}.Debug|x86.Build.0 = Debug|Any CPU
		{7FB19A96-E730-4A7E-9632-CCF60C686F5E}.Release|Any CPU.ActiveCfg = Release|Any CPU
		{7FB19A96-E730-4A7E-9632-CCF60C686F5E}.Release|Any CPU.Build.0 = Release|Any CPU
		{7FB19A96-E730-4A7E-9632-CCF60C686F5E}.Release|ARM.ActiveCfg = Release|Any CPU
		{7FB19A96-E730-4A7E-9632-CCF60C686F5E}.Release|ARM.Build.0 = Release|Any CPU
		{7FB19A96-E730-4A7E-9632-CCF60C686F5E}.Release|ARM64.ActiveCfg = Release|Any CPU
		{7FB19A96-E730-4A7E-9632-CCF60C686F5E}.Release|ARM64.Build.0 = Release|Any CPU
		{7FB19A96-E730-4A7E-9632-CCF60C686F5E}.Release|x64.ActiveCfg = Release|Any CPU
		{7FB19A96-E730-4A7E-9632-CCF60C686F5E}.Release|x64.Build.0 = Release|Any CPU
		{7FB19A96-E730-4A7E-9632-CCF60C686F5E}.Release|x86.ActiveCfg = Release|Any CPU
		{7FB19A96-E730-4A7E-9632-CCF60C686F5E}.Release|x86.Build.0 = Release|Any CPU
		{A2411A08-B4C5-4FC7-9D30-677965D38106}.Debug|Any CPU.ActiveCfg = Debug|Any CPU
		{A2411A08-B4C5-4FC7-9D30-677965D38106}.Debug|Any CPU.Build.0 = Debug|Any CPU
		{A2411A08-B4C5-4FC7-9D30-677965D38106}.Debug|ARM.ActiveCfg = Debug|Any CPU
		{A2411A08-B4C5-4FC7-9D30-677965D38106}.Debug|ARM.Build.0 = Debug|Any CPU
		{A2411A08-B4C5-4FC7-9D30-677965D38106}.Debug|ARM64.ActiveCfg = Debug|Any CPU
		{A2411A08-B4C5-4FC7-9D30-677965D38106}.Debug|ARM64.Build.0 = Debug|Any CPU
		{A2411A08-B4C5-4FC7-9D30-677965D38106}.Debug|x64.ActiveCfg = Debug|Any CPU
		{A2411A08-B4C5-4FC7-9D30-677965D38106}.Debug|x64.Build.0 = Debug|Any CPU
		{A2411A08-B4C5-4FC7-9D30-677965D38106}.Debug|x86.ActiveCfg = Debug|Any CPU
		{A2411A08-B4C5-4FC7-9D30-677965D38106}.Debug|x86.Build.0 = Debug|Any CPU
		{A2411A08-B4C5-4FC7-9D30-677965D38106}.Release|Any CPU.ActiveCfg = Release|Any CPU
		{A2411A08-B4C5-4FC7-9D30-677965D38106}.Release|Any CPU.Build.0 = Release|Any CPU
		{A2411A08-B4C5-4FC7-9D30-677965D38106}.Release|ARM.ActiveCfg = Release|Any CPU
		{A2411A08-B4C5-4FC7-9D30-677965D38106}.Release|ARM.Build.0 = Release|Any CPU
		{A2411A08-B4C5-4FC7-9D30-677965D38106}.Release|ARM64.ActiveCfg = Release|Any CPU
		{A2411A08-B4C5-4FC7-9D30-677965D38106}.Release|ARM64.Build.0 = Release|Any CPU
		{A2411A08-B4C5-4FC7-9D30-677965D38106}.Release|x64.ActiveCfg = Release|Any CPU
		{A2411A08-B4C5-4FC7-9D30-677965D38106}.Release|x64.Build.0 = Release|Any CPU
		{A2411A08-B4C5-4FC7-9D30-677965D38106}.Release|x86.ActiveCfg = Release|Any CPU
		{A2411A08-B4C5-4FC7-9D30-677965D38106}.Release|x86.Build.0 = Release|Any CPU
		{9F2C1843-A293-4574-ADA2-C44126A1ED23}.Debug|Any CPU.ActiveCfg = Debug|Any CPU
		{9F2C1843-A293-4574-ADA2-C44126A1ED23}.Debug|Any CPU.Build.0 = Debug|Any CPU
		{9F2C1843-A293-4574-ADA2-C44126A1ED23}.Debug|ARM.ActiveCfg = Debug|Any CPU
		{9F2C1843-A293-4574-ADA2-C44126A1ED23}.Debug|ARM.Build.0 = Debug|Any CPU
		{9F2C1843-A293-4574-ADA2-C44126A1ED23}.Debug|ARM64.ActiveCfg = Debug|Any CPU
		{9F2C1843-A293-4574-ADA2-C44126A1ED23}.Debug|ARM64.Build.0 = Debug|Any CPU
		{9F2C1843-A293-4574-ADA2-C44126A1ED23}.Debug|x64.ActiveCfg = Debug|Any CPU
		{9F2C1843-A293-4574-ADA2-C44126A1ED23}.Debug|x64.Build.0 = Debug|Any CPU
		{9F2C1843-A293-4574-ADA2-C44126A1ED23}.Debug|x86.ActiveCfg = Debug|Any CPU
		{9F2C1843-A293-4574-ADA2-C44126A1ED23}.Debug|x86.Build.0 = Debug|Any CPU
		{9F2C1843-A293-4574-ADA2-C44126A1ED23}.Release|Any CPU.ActiveCfg = Release|Any CPU
		{9F2C1843-A293-4574-ADA2-C44126A1ED23}.Release|Any CPU.Build.0 = Release|Any CPU
		{9F2C1843-A293-4574-ADA2-C44126A1ED23}.Release|ARM.ActiveCfg = Release|Any CPU
		{9F2C1843-A293-4574-ADA2-C44126A1ED23}.Release|ARM.Build.0 = Release|Any CPU
		{9F2C1843-A293-4574-ADA2-C44126A1ED23}.Release|ARM64.ActiveCfg = Release|Any CPU
		{9F2C1843-A293-4574-ADA2-C44126A1ED23}.Release|ARM64.Build.0 = Release|Any CPU
		{9F2C1843-A293-4574-ADA2-C44126A1ED23}.Release|x64.ActiveCfg = Release|Any CPU
		{9F2C1843-A293-4574-ADA2-C44126A1ED23}.Release|x64.Build.0 = Release|Any CPU
		{9F2C1843-A293-4574-ADA2-C44126A1ED23}.Release|x86.ActiveCfg = Release|Any CPU
		{9F2C1843-A293-4574-ADA2-C44126A1ED23}.Release|x86.Build.0 = Release|Any CPU
		{ADB9D5D3-E164-4F7C-91C1-6448534BBFEE}.Debug|Any CPU.ActiveCfg = Debug|Any CPU
		{ADB9D5D3-E164-4F7C-91C1-6448534BBFEE}.Debug|Any CPU.Build.0 = Debug|Any CPU
		{ADB9D5D3-E164-4F7C-91C1-6448534BBFEE}.Debug|ARM.ActiveCfg = Debug|Any CPU
		{ADB9D5D3-E164-4F7C-91C1-6448534BBFEE}.Debug|ARM.Build.0 = Debug|Any CPU
		{ADB9D5D3-E164-4F7C-91C1-6448534BBFEE}.Debug|ARM64.ActiveCfg = Debug|Any CPU
		{ADB9D5D3-E164-4F7C-91C1-6448534BBFEE}.Debug|ARM64.Build.0 = Debug|Any CPU
		{ADB9D5D3-E164-4F7C-91C1-6448534BBFEE}.Debug|x64.ActiveCfg = Debug|Any CPU
		{ADB9D5D3-E164-4F7C-91C1-6448534BBFEE}.Debug|x64.Build.0 = Debug|Any CPU
		{ADB9D5D3-E164-4F7C-91C1-6448534BBFEE}.Debug|x86.ActiveCfg = Debug|Any CPU
		{ADB9D5D3-E164-4F7C-91C1-6448534BBFEE}.Debug|x86.Build.0 = Debug|Any CPU
		{ADB9D5D3-E164-4F7C-91C1-6448534BBFEE}.Release|Any CPU.ActiveCfg = Release|Any CPU
		{ADB9D5D3-E164-4F7C-91C1-6448534BBFEE}.Release|Any CPU.Build.0 = Release|Any CPU
		{ADB9D5D3-E164-4F7C-91C1-6448534BBFEE}.Release|ARM.ActiveCfg = Release|Any CPU
		{ADB9D5D3-E164-4F7C-91C1-6448534BBFEE}.Release|ARM.Build.0 = Release|Any CPU
		{ADB9D5D3-E164-4F7C-91C1-6448534BBFEE}.Release|ARM64.ActiveCfg = Release|Any CPU
		{ADB9D5D3-E164-4F7C-91C1-6448534BBFEE}.Release|ARM64.Build.0 = Release|Any CPU
		{ADB9D5D3-E164-4F7C-91C1-6448534BBFEE}.Release|x64.ActiveCfg = Release|Any CPU
		{ADB9D5D3-E164-4F7C-91C1-6448534BBFEE}.Release|x64.Build.0 = Release|Any CPU
		{ADB9D5D3-E164-4F7C-91C1-6448534BBFEE}.Release|x86.ActiveCfg = Release|Any CPU
		{ADB9D5D3-E164-4F7C-91C1-6448534BBFEE}.Release|x86.Build.0 = Release|Any CPU
		{EAFD5B79-14D6-485E-8D9B-880EACF5853F}.Debug|Any CPU.ActiveCfg = Debug|Any CPU
		{EAFD5B79-14D6-485E-8D9B-880EACF5853F}.Debug|Any CPU.Build.0 = Debug|Any CPU
		{EAFD5B79-14D6-485E-8D9B-880EACF5853F}.Debug|ARM.ActiveCfg = Debug|Any CPU
		{EAFD5B79-14D6-485E-8D9B-880EACF5853F}.Debug|ARM.Build.0 = Debug|Any CPU
		{EAFD5B79-14D6-485E-8D9B-880EACF5853F}.Debug|ARM64.ActiveCfg = Debug|Any CPU
		{EAFD5B79-14D6-485E-8D9B-880EACF5853F}.Debug|ARM64.Build.0 = Debug|Any CPU
		{EAFD5B79-14D6-485E-8D9B-880EACF5853F}.Debug|x64.ActiveCfg = Debug|Any CPU
		{EAFD5B79-14D6-485E-8D9B-880EACF5853F}.Debug|x64.Build.0 = Debug|Any CPU
		{EAFD5B79-14D6-485E-8D9B-880EACF5853F}.Debug|x86.ActiveCfg = Debug|Any CPU
		{EAFD5B79-14D6-485E-8D9B-880EACF5853F}.Debug|x86.Build.0 = Debug|Any CPU
		{EAFD5B79-14D6-485E-8D9B-880EACF5853F}.Release|Any CPU.ActiveCfg = Release|Any CPU
		{EAFD5B79-14D6-485E-8D9B-880EACF5853F}.Release|Any CPU.Build.0 = Release|Any CPU
		{EAFD5B79-14D6-485E-8D9B-880EACF5853F}.Release|ARM.ActiveCfg = Release|Any CPU
		{EAFD5B79-14D6-485E-8D9B-880EACF5853F}.Release|ARM.Build.0 = Release|Any CPU
		{EAFD5B79-14D6-485E-8D9B-880EACF5853F}.Release|ARM64.ActiveCfg = Release|Any CPU
		{EAFD5B79-14D6-485E-8D9B-880EACF5853F}.Release|ARM64.Build.0 = Release|Any CPU
		{EAFD5B79-14D6-485E-8D9B-880EACF5853F}.Release|x64.ActiveCfg = Release|Any CPU
		{EAFD5B79-14D6-485E-8D9B-880EACF5853F}.Release|x64.Build.0 = Release|Any CPU
		{EAFD5B79-14D6-485E-8D9B-880EACF5853F}.Release|x86.ActiveCfg = Release|Any CPU
		{EAFD5B79-14D6-485E-8D9B-880EACF5853F}.Release|x86.Build.0 = Release|Any CPU
		{4B8A892D-828C-4FF4-B145-6663A9F547D5}.Debug|Any CPU.ActiveCfg = Debug|Any CPU
		{4B8A892D-828C-4FF4-B145-6663A9F547D5}.Debug|Any CPU.Build.0 = Debug|Any CPU
		{4B8A892D-828C-4FF4-B145-6663A9F547D5}.Debug|ARM.ActiveCfg = Debug|Any CPU
		{4B8A892D-828C-4FF4-B145-6663A9F547D5}.Debug|ARM.Build.0 = Debug|Any CPU
		{4B8A892D-828C-4FF4-B145-6663A9F547D5}.Debug|ARM64.ActiveCfg = Debug|Any CPU
		{4B8A892D-828C-4FF4-B145-6663A9F547D5}.Debug|ARM64.Build.0 = Debug|Any CPU
		{4B8A892D-828C-4FF4-B145-6663A9F547D5}.Debug|x64.ActiveCfg = Debug|Any CPU
		{4B8A892D-828C-4FF4-B145-6663A9F547D5}.Debug|x64.Build.0 = Debug|Any CPU
		{4B8A892D-828C-4FF4-B145-6663A9F547D5}.Debug|x86.ActiveCfg = Debug|Any CPU
		{4B8A892D-828C-4FF4-B145-6663A9F547D5}.Debug|x86.Build.0 = Debug|Any CPU
		{4B8A892D-828C-4FF4-B145-6663A9F547D5}.Release|Any CPU.ActiveCfg = Release|Any CPU
		{4B8A892D-828C-4FF4-B145-6663A9F547D5}.Release|Any CPU.Build.0 = Release|Any CPU
		{4B8A892D-828C-4FF4-B145-6663A9F547D5}.Release|ARM.ActiveCfg = Release|Any CPU
		{4B8A892D-828C-4FF4-B145-6663A9F547D5}.Release|ARM.Build.0 = Release|Any CPU
		{4B8A892D-828C-4FF4-B145-6663A9F547D5}.Release|ARM64.ActiveCfg = Release|Any CPU
		{4B8A892D-828C-4FF4-B145-6663A9F547D5}.Release|ARM64.Build.0 = Release|Any CPU
		{4B8A892D-828C-4FF4-B145-6663A9F547D5}.Release|x64.ActiveCfg = Release|Any CPU
		{4B8A892D-828C-4FF4-B145-6663A9F547D5}.Release|x64.Build.0 = Release|Any CPU
		{4B8A892D-828C-4FF4-B145-6663A9F547D5}.Release|x86.ActiveCfg = Release|Any CPU
		{4B8A892D-828C-4FF4-B145-6663A9F547D5}.Release|x86.Build.0 = Release|Any CPU
		{05E01624-49A1-43DB-94AF-07A2993D1363}.Debug|Any CPU.ActiveCfg = Debug|Any CPU
		{05E01624-49A1-43DB-94AF-07A2993D1363}.Debug|Any CPU.Build.0 = Debug|Any CPU
		{05E01624-49A1-43DB-94AF-07A2993D1363}.Debug|ARM.ActiveCfg = Debug|Any CPU
		{05E01624-49A1-43DB-94AF-07A2993D1363}.Debug|ARM.Build.0 = Debug|Any CPU
		{05E01624-49A1-43DB-94AF-07A2993D1363}.Debug|ARM64.ActiveCfg = Debug|Any CPU
		{05E01624-49A1-43DB-94AF-07A2993D1363}.Debug|ARM64.Build.0 = Debug|Any CPU
		{05E01624-49A1-43DB-94AF-07A2993D1363}.Debug|x64.ActiveCfg = Debug|Any CPU
		{05E01624-49A1-43DB-94AF-07A2993D1363}.Debug|x64.Build.0 = Debug|Any CPU
		{05E01624-49A1-43DB-94AF-07A2993D1363}.Debug|x86.ActiveCfg = Debug|Any CPU
		{05E01624-49A1-43DB-94AF-07A2993D1363}.Debug|x86.Build.0 = Debug|Any CPU
		{05E01624-49A1-43DB-94AF-07A2993D1363}.Release|Any CPU.ActiveCfg = Release|Any CPU
		{05E01624-49A1-43DB-94AF-07A2993D1363}.Release|Any CPU.Build.0 = Release|Any CPU
		{05E01624-49A1-43DB-94AF-07A2993D1363}.Release|ARM.ActiveCfg = Release|Any CPU
		{05E01624-49A1-43DB-94AF-07A2993D1363}.Release|ARM.Build.0 = Release|Any CPU
		{05E01624-49A1-43DB-94AF-07A2993D1363}.Release|ARM64.ActiveCfg = Release|Any CPU
		{05E01624-49A1-43DB-94AF-07A2993D1363}.Release|ARM64.Build.0 = Release|Any CPU
		{05E01624-49A1-43DB-94AF-07A2993D1363}.Release|x64.ActiveCfg = Release|Any CPU
		{05E01624-49A1-43DB-94AF-07A2993D1363}.Release|x64.Build.0 = Release|Any CPU
		{05E01624-49A1-43DB-94AF-07A2993D1363}.Release|x86.ActiveCfg = Release|Any CPU
		{05E01624-49A1-43DB-94AF-07A2993D1363}.Release|x86.Build.0 = Release|Any CPU
		{529A3F55-4A51-44DF-B8D7-13C3721110F6}.Debug|Any CPU.ActiveCfg = Debug|Any CPU
		{529A3F55-4A51-44DF-B8D7-13C3721110F6}.Debug|Any CPU.Build.0 = Debug|Any CPU
		{529A3F55-4A51-44DF-B8D7-13C3721110F6}.Debug|ARM.ActiveCfg = Debug|Any CPU
		{529A3F55-4A51-44DF-B8D7-13C3721110F6}.Debug|ARM.Build.0 = Debug|Any CPU
		{529A3F55-4A51-44DF-B8D7-13C3721110F6}.Debug|ARM64.ActiveCfg = Debug|Any CPU
		{529A3F55-4A51-44DF-B8D7-13C3721110F6}.Debug|ARM64.Build.0 = Debug|Any CPU
		{529A3F55-4A51-44DF-B8D7-13C3721110F6}.Debug|x64.ActiveCfg = Debug|Any CPU
		{529A3F55-4A51-44DF-B8D7-13C3721110F6}.Debug|x64.Build.0 = Debug|Any CPU
		{529A3F55-4A51-44DF-B8D7-13C3721110F6}.Debug|x86.ActiveCfg = Debug|Any CPU
		{529A3F55-4A51-44DF-B8D7-13C3721110F6}.Debug|x86.Build.0 = Debug|Any CPU
		{529A3F55-4A51-44DF-B8D7-13C3721110F6}.Release|Any CPU.ActiveCfg = Release|Any CPU
		{529A3F55-4A51-44DF-B8D7-13C3721110F6}.Release|Any CPU.Build.0 = Release|Any CPU
		{529A3F55-4A51-44DF-B8D7-13C3721110F6}.Release|ARM.ActiveCfg = Release|Any CPU
		{529A3F55-4A51-44DF-B8D7-13C3721110F6}.Release|ARM.Build.0 = Release|Any CPU
		{529A3F55-4A51-44DF-B8D7-13C3721110F6}.Release|ARM64.ActiveCfg = Release|Any CPU
		{529A3F55-4A51-44DF-B8D7-13C3721110F6}.Release|ARM64.Build.0 = Release|Any CPU
		{529A3F55-4A51-44DF-B8D7-13C3721110F6}.Release|x64.ActiveCfg = Release|Any CPU
		{529A3F55-4A51-44DF-B8D7-13C3721110F6}.Release|x64.Build.0 = Release|Any CPU
		{529A3F55-4A51-44DF-B8D7-13C3721110F6}.Release|x86.ActiveCfg = Release|Any CPU
		{529A3F55-4A51-44DF-B8D7-13C3721110F6}.Release|x86.Build.0 = Release|Any CPU
		{6E053935-D5EF-49FC-BA73-0B7914EEE9D5}.Debug|Any CPU.ActiveCfg = Debug|Any CPU
		{6E053935-D5EF-49FC-BA73-0B7914EEE9D5}.Debug|Any CPU.Build.0 = Debug|Any CPU
		{6E053935-D5EF-49FC-BA73-0B7914EEE9D5}.Debug|ARM.ActiveCfg = Debug|Any CPU
		{6E053935-D5EF-49FC-BA73-0B7914EEE9D5}.Debug|ARM.Build.0 = Debug|Any CPU
		{6E053935-D5EF-49FC-BA73-0B7914EEE9D5}.Debug|ARM64.ActiveCfg = Debug|Any CPU
		{6E053935-D5EF-49FC-BA73-0B7914EEE9D5}.Debug|ARM64.Build.0 = Debug|Any CPU
		{6E053935-D5EF-49FC-BA73-0B7914EEE9D5}.Debug|x64.ActiveCfg = Debug|Any CPU
		{6E053935-D5EF-49FC-BA73-0B7914EEE9D5}.Debug|x64.Build.0 = Debug|Any CPU
		{6E053935-D5EF-49FC-BA73-0B7914EEE9D5}.Debug|x86.ActiveCfg = Debug|Any CPU
		{6E053935-D5EF-49FC-BA73-0B7914EEE9D5}.Debug|x86.Build.0 = Debug|Any CPU
		{6E053935-D5EF-49FC-BA73-0B7914EEE9D5}.Release|Any CPU.ActiveCfg = Release|Any CPU
		{6E053935-D5EF-49FC-BA73-0B7914EEE9D5}.Release|Any CPU.Build.0 = Release|Any CPU
		{6E053935-D5EF-49FC-BA73-0B7914EEE9D5}.Release|ARM.ActiveCfg = Release|Any CPU
		{6E053935-D5EF-49FC-BA73-0B7914EEE9D5}.Release|ARM.Build.0 = Release|Any CPU
		{6E053935-D5EF-49FC-BA73-0B7914EEE9D5}.Release|ARM64.ActiveCfg = Release|Any CPU
		{6E053935-D5EF-49FC-BA73-0B7914EEE9D5}.Release|ARM64.Build.0 = Release|Any CPU
		{6E053935-D5EF-49FC-BA73-0B7914EEE9D5}.Release|x64.ActiveCfg = Release|Any CPU
		{6E053935-D5EF-49FC-BA73-0B7914EEE9D5}.Release|x64.Build.0 = Release|Any CPU
		{6E053935-D5EF-49FC-BA73-0B7914EEE9D5}.Release|x86.ActiveCfg = Release|Any CPU
		{6E053935-D5EF-49FC-BA73-0B7914EEE9D5}.Release|x86.Build.0 = Release|Any CPU
		{744C41BB-C427-49C6-B1E3-6A3F87D8DA6D}.Debug|Any CPU.ActiveCfg = Debug|Any CPU
		{744C41BB-C427-49C6-B1E3-6A3F87D8DA6D}.Debug|Any CPU.Build.0 = Debug|Any CPU
		{744C41BB-C427-49C6-B1E3-6A3F87D8DA6D}.Debug|ARM.ActiveCfg = Debug|Any CPU
		{744C41BB-C427-49C6-B1E3-6A3F87D8DA6D}.Debug|ARM.Build.0 = Debug|Any CPU
		{744C41BB-C427-49C6-B1E3-6A3F87D8DA6D}.Debug|ARM64.ActiveCfg = Debug|Any CPU
		{744C41BB-C427-49C6-B1E3-6A3F87D8DA6D}.Debug|ARM64.Build.0 = Debug|Any CPU
		{744C41BB-C427-49C6-B1E3-6A3F87D8DA6D}.Debug|x64.ActiveCfg = Debug|Any CPU
		{744C41BB-C427-49C6-B1E3-6A3F87D8DA6D}.Debug|x64.Build.0 = Debug|Any CPU
		{744C41BB-C427-49C6-B1E3-6A3F87D8DA6D}.Debug|x86.ActiveCfg = Debug|Any CPU
		{744C41BB-C427-49C6-B1E3-6A3F87D8DA6D}.Debug|x86.Build.0 = Debug|Any CPU
		{744C41BB-C427-49C6-B1E3-6A3F87D8DA6D}.Release|Any CPU.ActiveCfg = Release|Any CPU
		{744C41BB-C427-49C6-B1E3-6A3F87D8DA6D}.Release|Any CPU.Build.0 = Release|Any CPU
		{744C41BB-C427-49C6-B1E3-6A3F87D8DA6D}.Release|ARM.ActiveCfg = Release|Any CPU
		{744C41BB-C427-49C6-B1E3-6A3F87D8DA6D}.Release|ARM.Build.0 = Release|Any CPU
		{744C41BB-C427-49C6-B1E3-6A3F87D8DA6D}.Release|ARM64.ActiveCfg = Release|Any CPU
		{744C41BB-C427-49C6-B1E3-6A3F87D8DA6D}.Release|ARM64.Build.0 = Release|Any CPU
		{744C41BB-C427-49C6-B1E3-6A3F87D8DA6D}.Release|x64.ActiveCfg = Release|Any CPU
		{744C41BB-C427-49C6-B1E3-6A3F87D8DA6D}.Release|x64.Build.0 = Release|Any CPU
		{744C41BB-C427-49C6-B1E3-6A3F87D8DA6D}.Release|x86.ActiveCfg = Release|Any CPU
		{744C41BB-C427-49C6-B1E3-6A3F87D8DA6D}.Release|x86.Build.0 = Release|Any CPU
		{52D1E33A-019A-4E83-89CB-ABA6E3DCF628}.Debug|Any CPU.ActiveCfg = Debug|Any CPU
		{52D1E33A-019A-4E83-89CB-ABA6E3DCF628}.Debug|Any CPU.Build.0 = Debug|Any CPU
		{52D1E33A-019A-4E83-89CB-ABA6E3DCF628}.Debug|ARM.ActiveCfg = Debug|Any CPU
		{52D1E33A-019A-4E83-89CB-ABA6E3DCF628}.Debug|ARM.Build.0 = Debug|Any CPU
		{52D1E33A-019A-4E83-89CB-ABA6E3DCF628}.Debug|ARM64.ActiveCfg = Debug|Any CPU
		{52D1E33A-019A-4E83-89CB-ABA6E3DCF628}.Debug|ARM64.Build.0 = Debug|Any CPU
		{52D1E33A-019A-4E83-89CB-ABA6E3DCF628}.Debug|x64.ActiveCfg = Debug|Any CPU
		{52D1E33A-019A-4E83-89CB-ABA6E3DCF628}.Debug|x64.Build.0 = Debug|Any CPU
		{52D1E33A-019A-4E83-89CB-ABA6E3DCF628}.Debug|x86.ActiveCfg = Debug|Any CPU
		{52D1E33A-019A-4E83-89CB-ABA6E3DCF628}.Debug|x86.Build.0 = Debug|Any CPU
		{52D1E33A-019A-4E83-89CB-ABA6E3DCF628}.Release|Any CPU.ActiveCfg = Release|Any CPU
		{52D1E33A-019A-4E83-89CB-ABA6E3DCF628}.Release|Any CPU.Build.0 = Release|Any CPU
		{52D1E33A-019A-4E83-89CB-ABA6E3DCF628}.Release|ARM.ActiveCfg = Release|Any CPU
		{52D1E33A-019A-4E83-89CB-ABA6E3DCF628}.Release|ARM.Build.0 = Release|Any CPU
		{52D1E33A-019A-4E83-89CB-ABA6E3DCF628}.Release|ARM64.ActiveCfg = Release|Any CPU
		{52D1E33A-019A-4E83-89CB-ABA6E3DCF628}.Release|ARM64.Build.0 = Release|Any CPU
		{52D1E33A-019A-4E83-89CB-ABA6E3DCF628}.Release|x64.ActiveCfg = Release|Any CPU
		{52D1E33A-019A-4E83-89CB-ABA6E3DCF628}.Release|x64.Build.0 = Release|Any CPU
		{52D1E33A-019A-4E83-89CB-ABA6E3DCF628}.Release|x86.ActiveCfg = Release|Any CPU
		{52D1E33A-019A-4E83-89CB-ABA6E3DCF628}.Release|x86.Build.0 = Release|Any CPU
		{458CA484-5C1B-421B-9F0A-D133E67F5CD4}.Debug|Any CPU.ActiveCfg = Debug|Any CPU
		{458CA484-5C1B-421B-9F0A-D133E67F5CD4}.Debug|Any CPU.Build.0 = Debug|Any CPU
		{458CA484-5C1B-421B-9F0A-D133E67F5CD4}.Debug|ARM.ActiveCfg = Debug|Any CPU
		{458CA484-5C1B-421B-9F0A-D133E67F5CD4}.Debug|ARM.Build.0 = Debug|Any CPU
		{458CA484-5C1B-421B-9F0A-D133E67F5CD4}.Debug|ARM64.ActiveCfg = Debug|Any CPU
		{458CA484-5C1B-421B-9F0A-D133E67F5CD4}.Debug|ARM64.Build.0 = Debug|Any CPU
		{458CA484-5C1B-421B-9F0A-D133E67F5CD4}.Debug|x64.ActiveCfg = Debug|Any CPU
		{458CA484-5C1B-421B-9F0A-D133E67F5CD4}.Debug|x64.Build.0 = Debug|Any CPU
		{458CA484-5C1B-421B-9F0A-D133E67F5CD4}.Debug|x86.ActiveCfg = Debug|Any CPU
		{458CA484-5C1B-421B-9F0A-D133E67F5CD4}.Debug|x86.Build.0 = Debug|Any CPU
		{458CA484-5C1B-421B-9F0A-D133E67F5CD4}.Release|Any CPU.ActiveCfg = Release|Any CPU
		{458CA484-5C1B-421B-9F0A-D133E67F5CD4}.Release|Any CPU.Build.0 = Release|Any CPU
		{458CA484-5C1B-421B-9F0A-D133E67F5CD4}.Release|ARM.ActiveCfg = Release|Any CPU
		{458CA484-5C1B-421B-9F0A-D133E67F5CD4}.Release|ARM.Build.0 = Release|Any CPU
		{458CA484-5C1B-421B-9F0A-D133E67F5CD4}.Release|ARM64.ActiveCfg = Release|Any CPU
		{458CA484-5C1B-421B-9F0A-D133E67F5CD4}.Release|ARM64.Build.0 = Release|Any CPU
		{458CA484-5C1B-421B-9F0A-D133E67F5CD4}.Release|x64.ActiveCfg = Release|Any CPU
		{458CA484-5C1B-421B-9F0A-D133E67F5CD4}.Release|x64.Build.0 = Release|Any CPU
		{458CA484-5C1B-421B-9F0A-D133E67F5CD4}.Release|x86.ActiveCfg = Release|Any CPU
		{458CA484-5C1B-421B-9F0A-D133E67F5CD4}.Release|x86.Build.0 = Release|Any CPU
		{CA44AA8D-650A-4270-AAFE-EC278A5A44CF}.Debug|Any CPU.ActiveCfg = Debug|Any CPU
		{CA44AA8D-650A-4270-AAFE-EC278A5A44CF}.Debug|Any CPU.Build.0 = Debug|Any CPU
		{CA44AA8D-650A-4270-AAFE-EC278A5A44CF}.Debug|ARM.ActiveCfg = Debug|Any CPU
		{CA44AA8D-650A-4270-AAFE-EC278A5A44CF}.Debug|ARM.Build.0 = Debug|Any CPU
		{CA44AA8D-650A-4270-AAFE-EC278A5A44CF}.Debug|ARM64.ActiveCfg = Debug|Any CPU
		{CA44AA8D-650A-4270-AAFE-EC278A5A44CF}.Debug|ARM64.Build.0 = Debug|Any CPU
		{CA44AA8D-650A-4270-AAFE-EC278A5A44CF}.Debug|x64.ActiveCfg = Debug|Any CPU
		{CA44AA8D-650A-4270-AAFE-EC278A5A44CF}.Debug|x64.Build.0 = Debug|Any CPU
		{CA44AA8D-650A-4270-AAFE-EC278A5A44CF}.Debug|x86.ActiveCfg = Debug|Any CPU
		{CA44AA8D-650A-4270-AAFE-EC278A5A44CF}.Debug|x86.Build.0 = Debug|Any CPU
		{CA44AA8D-650A-4270-AAFE-EC278A5A44CF}.Release|Any CPU.ActiveCfg = Release|Any CPU
		{CA44AA8D-650A-4270-AAFE-EC278A5A44CF}.Release|Any CPU.Build.0 = Release|Any CPU
		{CA44AA8D-650A-4270-AAFE-EC278A5A44CF}.Release|ARM.ActiveCfg = Release|Any CPU
		{CA44AA8D-650A-4270-AAFE-EC278A5A44CF}.Release|ARM.Build.0 = Release|Any CPU
		{CA44AA8D-650A-4270-AAFE-EC278A5A44CF}.Release|ARM64.ActiveCfg = Release|Any CPU
		{CA44AA8D-650A-4270-AAFE-EC278A5A44CF}.Release|ARM64.Build.0 = Release|Any CPU
		{CA44AA8D-650A-4270-AAFE-EC278A5A44CF}.Release|x64.ActiveCfg = Release|Any CPU
		{CA44AA8D-650A-4270-AAFE-EC278A5A44CF}.Release|x64.Build.0 = Release|Any CPU
		{CA44AA8D-650A-4270-AAFE-EC278A5A44CF}.Release|x86.ActiveCfg = Release|Any CPU
		{CA44AA8D-650A-4270-AAFE-EC278A5A44CF}.Release|x86.Build.0 = Release|Any CPU
		{1A384B78-3986-40D4-91BF-935D61864689}.Debug|Any CPU.ActiveCfg = Debug|Any CPU
		{1A384B78-3986-40D4-91BF-935D61864689}.Debug|Any CPU.Build.0 = Debug|Any CPU
		{1A384B78-3986-40D4-91BF-935D61864689}.Debug|ARM.ActiveCfg = Debug|Any CPU
		{1A384B78-3986-40D4-91BF-935D61864689}.Debug|ARM.Build.0 = Debug|Any CPU
		{1A384B78-3986-40D4-91BF-935D61864689}.Debug|ARM64.ActiveCfg = Debug|Any CPU
		{1A384B78-3986-40D4-91BF-935D61864689}.Debug|ARM64.Build.0 = Debug|Any CPU
		{1A384B78-3986-40D4-91BF-935D61864689}.Debug|x64.ActiveCfg = Debug|Any CPU
		{1A384B78-3986-40D4-91BF-935D61864689}.Debug|x64.Build.0 = Debug|Any CPU
		{1A384B78-3986-40D4-91BF-935D61864689}.Debug|x86.ActiveCfg = Debug|Any CPU
		{1A384B78-3986-40D4-91BF-935D61864689}.Debug|x86.Build.0 = Debug|Any CPU
		{1A384B78-3986-40D4-91BF-935D61864689}.Release|Any CPU.ActiveCfg = Release|Any CPU
		{1A384B78-3986-40D4-91BF-935D61864689}.Release|Any CPU.Build.0 = Release|Any CPU
		{1A384B78-3986-40D4-91BF-935D61864689}.Release|ARM.ActiveCfg = Release|Any CPU
		{1A384B78-3986-40D4-91BF-935D61864689}.Release|ARM.Build.0 = Release|Any CPU
		{1A384B78-3986-40D4-91BF-935D61864689}.Release|ARM64.ActiveCfg = Release|Any CPU
		{1A384B78-3986-40D4-91BF-935D61864689}.Release|ARM64.Build.0 = Release|Any CPU
		{1A384B78-3986-40D4-91BF-935D61864689}.Release|x64.ActiveCfg = Release|Any CPU
		{1A384B78-3986-40D4-91BF-935D61864689}.Release|x64.Build.0 = Release|Any CPU
		{1A384B78-3986-40D4-91BF-935D61864689}.Release|x86.ActiveCfg = Release|Any CPU
		{1A384B78-3986-40D4-91BF-935D61864689}.Release|x86.Build.0 = Release|Any CPU
		{B22B83E2-42D7-41FD-8DC5-52840141554E}.Debug|Any CPU.ActiveCfg = Debug|Any CPU
		{B22B83E2-42D7-41FD-8DC5-52840141554E}.Debug|Any CPU.Build.0 = Debug|Any CPU
		{B22B83E2-42D7-41FD-8DC5-52840141554E}.Debug|ARM.ActiveCfg = Debug|Any CPU
		{B22B83E2-42D7-41FD-8DC5-52840141554E}.Debug|ARM.Build.0 = Debug|Any CPU
		{B22B83E2-42D7-41FD-8DC5-52840141554E}.Debug|ARM64.ActiveCfg = Debug|Any CPU
		{B22B83E2-42D7-41FD-8DC5-52840141554E}.Debug|ARM64.Build.0 = Debug|Any CPU
		{B22B83E2-42D7-41FD-8DC5-52840141554E}.Debug|x64.ActiveCfg = Debug|Any CPU
		{B22B83E2-42D7-41FD-8DC5-52840141554E}.Debug|x64.Build.0 = Debug|Any CPU
		{B22B83E2-42D7-41FD-8DC5-52840141554E}.Debug|x86.ActiveCfg = Debug|Any CPU
		{B22B83E2-42D7-41FD-8DC5-52840141554E}.Debug|x86.Build.0 = Debug|Any CPU
		{B22B83E2-42D7-41FD-8DC5-52840141554E}.Release|Any CPU.ActiveCfg = Release|Any CPU
		{B22B83E2-42D7-41FD-8DC5-52840141554E}.Release|Any CPU.Build.0 = Release|Any CPU
		{B22B83E2-42D7-41FD-8DC5-52840141554E}.Release|ARM.ActiveCfg = Release|Any CPU
		{B22B83E2-42D7-41FD-8DC5-52840141554E}.Release|ARM.Build.0 = Release|Any CPU
		{B22B83E2-42D7-41FD-8DC5-52840141554E}.Release|ARM64.ActiveCfg = Release|Any CPU
		{B22B83E2-42D7-41FD-8DC5-52840141554E}.Release|ARM64.Build.0 = Release|Any CPU
		{B22B83E2-42D7-41FD-8DC5-52840141554E}.Release|x64.ActiveCfg = Release|Any CPU
		{B22B83E2-42D7-41FD-8DC5-52840141554E}.Release|x64.Build.0 = Release|Any CPU
		{B22B83E2-42D7-41FD-8DC5-52840141554E}.Release|x86.ActiveCfg = Release|Any CPU
		{B22B83E2-42D7-41FD-8DC5-52840141554E}.Release|x86.Build.0 = Release|Any CPU
		{1C49B739-7715-4AF2-80F1-111C947C22A8}.Debug|Any CPU.ActiveCfg = Debug|Any CPU
		{1C49B739-7715-4AF2-80F1-111C947C22A8}.Debug|Any CPU.Build.0 = Debug|Any CPU
		{1C49B739-7715-4AF2-80F1-111C947C22A8}.Debug|ARM.ActiveCfg = Debug|Any CPU
		{1C49B739-7715-4AF2-80F1-111C947C22A8}.Debug|ARM.Build.0 = Debug|Any CPU
		{1C49B739-7715-4AF2-80F1-111C947C22A8}.Debug|ARM64.ActiveCfg = Debug|Any CPU
		{1C49B739-7715-4AF2-80F1-111C947C22A8}.Debug|ARM64.Build.0 = Debug|Any CPU
		{1C49B739-7715-4AF2-80F1-111C947C22A8}.Debug|x64.ActiveCfg = Debug|Any CPU
		{1C49B739-7715-4AF2-80F1-111C947C22A8}.Debug|x64.Build.0 = Debug|Any CPU
		{1C49B739-7715-4AF2-80F1-111C947C22A8}.Debug|x86.ActiveCfg = Debug|Any CPU
		{1C49B739-7715-4AF2-80F1-111C947C22A8}.Debug|x86.Build.0 = Debug|Any CPU
		{1C49B739-7715-4AF2-80F1-111C947C22A8}.Release|Any CPU.ActiveCfg = Release|Any CPU
		{1C49B739-7715-4AF2-80F1-111C947C22A8}.Release|Any CPU.Build.0 = Release|Any CPU
		{1C49B739-7715-4AF2-80F1-111C947C22A8}.Release|ARM.ActiveCfg = Release|Any CPU
		{1C49B739-7715-4AF2-80F1-111C947C22A8}.Release|ARM.Build.0 = Release|Any CPU
		{1C49B739-7715-4AF2-80F1-111C947C22A8}.Release|ARM64.ActiveCfg = Release|Any CPU
		{1C49B739-7715-4AF2-80F1-111C947C22A8}.Release|ARM64.Build.0 = Release|Any CPU
		{1C49B739-7715-4AF2-80F1-111C947C22A8}.Release|x64.ActiveCfg = Release|Any CPU
		{1C49B739-7715-4AF2-80F1-111C947C22A8}.Release|x64.Build.0 = Release|Any CPU
		{1C49B739-7715-4AF2-80F1-111C947C22A8}.Release|x86.ActiveCfg = Release|Any CPU
		{1C49B739-7715-4AF2-80F1-111C947C22A8}.Release|x86.Build.0 = Release|Any CPU
		{0DE5F758-20AE-4397-ABF3-305D4A155A28}.Debug|Any CPU.ActiveCfg = Debug|Any CPU
		{0DE5F758-20AE-4397-ABF3-305D4A155A28}.Debug|Any CPU.Build.0 = Debug|Any CPU
		{0DE5F758-20AE-4397-ABF3-305D4A155A28}.Debug|ARM.ActiveCfg = Debug|Any CPU
		{0DE5F758-20AE-4397-ABF3-305D4A155A28}.Debug|ARM.Build.0 = Debug|Any CPU
		{0DE5F758-20AE-4397-ABF3-305D4A155A28}.Debug|ARM64.ActiveCfg = Debug|Any CPU
		{0DE5F758-20AE-4397-ABF3-305D4A155A28}.Debug|ARM64.Build.0 = Debug|Any CPU
		{0DE5F758-20AE-4397-ABF3-305D4A155A28}.Debug|x64.ActiveCfg = Debug|Any CPU
		{0DE5F758-20AE-4397-ABF3-305D4A155A28}.Debug|x64.Build.0 = Debug|Any CPU
		{0DE5F758-20AE-4397-ABF3-305D4A155A28}.Debug|x86.ActiveCfg = Debug|Any CPU
		{0DE5F758-20AE-4397-ABF3-305D4A155A28}.Debug|x86.Build.0 = Debug|Any CPU
		{0DE5F758-20AE-4397-ABF3-305D4A155A28}.Release|Any CPU.ActiveCfg = Release|Any CPU
		{0DE5F758-20AE-4397-ABF3-305D4A155A28}.Release|Any CPU.Build.0 = Release|Any CPU
		{0DE5F758-20AE-4397-ABF3-305D4A155A28}.Release|ARM.ActiveCfg = Release|Any CPU
		{0DE5F758-20AE-4397-ABF3-305D4A155A28}.Release|ARM.Build.0 = Release|Any CPU
		{0DE5F758-20AE-4397-ABF3-305D4A155A28}.Release|ARM64.ActiveCfg = Release|Any CPU
		{0DE5F758-20AE-4397-ABF3-305D4A155A28}.Release|ARM64.Build.0 = Release|Any CPU
		{0DE5F758-20AE-4397-ABF3-305D4A155A28}.Release|x64.ActiveCfg = Release|Any CPU
		{0DE5F758-20AE-4397-ABF3-305D4A155A28}.Release|x64.Build.0 = Release|Any CPU
		{0DE5F758-20AE-4397-ABF3-305D4A155A28}.Release|x86.ActiveCfg = Release|Any CPU
		{0DE5F758-20AE-4397-ABF3-305D4A155A28}.Release|x86.Build.0 = Release|Any CPU
		{6355AC91-98A0-4CA3-B114-537BA305DF4F}.Debug|Any CPU.ActiveCfg = Debug|Any CPU
		{6355AC91-98A0-4CA3-B114-537BA305DF4F}.Debug|Any CPU.Build.0 = Debug|Any CPU
		{6355AC91-98A0-4CA3-B114-537BA305DF4F}.Debug|ARM.ActiveCfg = Debug|Any CPU
		{6355AC91-98A0-4CA3-B114-537BA305DF4F}.Debug|ARM.Build.0 = Debug|Any CPU
		{6355AC91-98A0-4CA3-B114-537BA305DF4F}.Debug|ARM64.ActiveCfg = Debug|Any CPU
		{6355AC91-98A0-4CA3-B114-537BA305DF4F}.Debug|ARM64.Build.0 = Debug|Any CPU
		{6355AC91-98A0-4CA3-B114-537BA305DF4F}.Debug|x64.ActiveCfg = Debug|Any CPU
		{6355AC91-98A0-4CA3-B114-537BA305DF4F}.Debug|x64.Build.0 = Debug|Any CPU
		{6355AC91-98A0-4CA3-B114-537BA305DF4F}.Debug|x86.ActiveCfg = Debug|Any CPU
		{6355AC91-98A0-4CA3-B114-537BA305DF4F}.Debug|x86.Build.0 = Debug|Any CPU
		{6355AC91-98A0-4CA3-B114-537BA305DF4F}.Release|Any CPU.ActiveCfg = Release|Any CPU
		{6355AC91-98A0-4CA3-B114-537BA305DF4F}.Release|Any CPU.Build.0 = Release|Any CPU
		{6355AC91-98A0-4CA3-B114-537BA305DF4F}.Release|ARM.ActiveCfg = Release|Any CPU
		{6355AC91-98A0-4CA3-B114-537BA305DF4F}.Release|ARM.Build.0 = Release|Any CPU
		{6355AC91-98A0-4CA3-B114-537BA305DF4F}.Release|ARM64.ActiveCfg = Release|Any CPU
		{6355AC91-98A0-4CA3-B114-537BA305DF4F}.Release|ARM64.Build.0 = Release|Any CPU
		{6355AC91-98A0-4CA3-B114-537BA305DF4F}.Release|x64.ActiveCfg = Release|Any CPU
		{6355AC91-98A0-4CA3-B114-537BA305DF4F}.Release|x64.Build.0 = Release|Any CPU
		{6355AC91-98A0-4CA3-B114-537BA305DF4F}.Release|x86.ActiveCfg = Release|Any CPU
		{6355AC91-98A0-4CA3-B114-537BA305DF4F}.Release|x86.Build.0 = Release|Any CPU
		{C24CF58E-6FE1-4D89-8BC4-24E206326FD6}.Debug|Any CPU.ActiveCfg = Debug|Any CPU
		{C24CF58E-6FE1-4D89-8BC4-24E206326FD6}.Debug|Any CPU.Build.0 = Debug|Any CPU
		{C24CF58E-6FE1-4D89-8BC4-24E206326FD6}.Debug|ARM.ActiveCfg = Debug|Any CPU
		{C24CF58E-6FE1-4D89-8BC4-24E206326FD6}.Debug|ARM.Build.0 = Debug|Any CPU
		{C24CF58E-6FE1-4D89-8BC4-24E206326FD6}.Debug|ARM64.ActiveCfg = Debug|Any CPU
		{C24CF58E-6FE1-4D89-8BC4-24E206326FD6}.Debug|ARM64.Build.0 = Debug|Any CPU
		{C24CF58E-6FE1-4D89-8BC4-24E206326FD6}.Debug|x64.ActiveCfg = Debug|Any CPU
		{C24CF58E-6FE1-4D89-8BC4-24E206326FD6}.Debug|x64.Build.0 = Debug|Any CPU
		{C24CF58E-6FE1-4D89-8BC4-24E206326FD6}.Debug|x86.ActiveCfg = Debug|Any CPU
		{C24CF58E-6FE1-4D89-8BC4-24E206326FD6}.Debug|x86.Build.0 = Debug|Any CPU
		{C24CF58E-6FE1-4D89-8BC4-24E206326FD6}.Release|Any CPU.ActiveCfg = Release|Any CPU
		{C24CF58E-6FE1-4D89-8BC4-24E206326FD6}.Release|Any CPU.Build.0 = Release|Any CPU
		{C24CF58E-6FE1-4D89-8BC4-24E206326FD6}.Release|ARM.ActiveCfg = Release|Any CPU
		{C24CF58E-6FE1-4D89-8BC4-24E206326FD6}.Release|ARM.Build.0 = Release|Any CPU
		{C24CF58E-6FE1-4D89-8BC4-24E206326FD6}.Release|ARM64.ActiveCfg = Release|Any CPU
		{C24CF58E-6FE1-4D89-8BC4-24E206326FD6}.Release|ARM64.Build.0 = Release|Any CPU
		{C24CF58E-6FE1-4D89-8BC4-24E206326FD6}.Release|x64.ActiveCfg = Release|Any CPU
		{C24CF58E-6FE1-4D89-8BC4-24E206326FD6}.Release|x64.Build.0 = Release|Any CPU
		{C24CF58E-6FE1-4D89-8BC4-24E206326FD6}.Release|x86.ActiveCfg = Release|Any CPU
		{C24CF58E-6FE1-4D89-8BC4-24E206326FD6}.Release|x86.Build.0 = Release|Any CPU
		{2612E119-0869-4FDE-B054-15052D6624B1}.Debug|Any CPU.ActiveCfg = Debug|Any CPU
		{2612E119-0869-4FDE-B054-15052D6624B1}.Debug|Any CPU.Build.0 = Debug|Any CPU
		{2612E119-0869-4FDE-B054-15052D6624B1}.Debug|ARM.ActiveCfg = Debug|Any CPU
		{2612E119-0869-4FDE-B054-15052D6624B1}.Debug|ARM.Build.0 = Debug|Any CPU
		{2612E119-0869-4FDE-B054-15052D6624B1}.Debug|ARM64.ActiveCfg = Debug|Any CPU
		{2612E119-0869-4FDE-B054-15052D6624B1}.Debug|ARM64.Build.0 = Debug|Any CPU
		{2612E119-0869-4FDE-B054-15052D6624B1}.Debug|x64.ActiveCfg = Debug|Any CPU
		{2612E119-0869-4FDE-B054-15052D6624B1}.Debug|x64.Build.0 = Debug|Any CPU
		{2612E119-0869-4FDE-B054-15052D6624B1}.Debug|x86.ActiveCfg = Debug|Any CPU
		{2612E119-0869-4FDE-B054-15052D6624B1}.Debug|x86.Build.0 = Debug|Any CPU
		{2612E119-0869-4FDE-B054-15052D6624B1}.Release|Any CPU.ActiveCfg = Release|Any CPU
		{2612E119-0869-4FDE-B054-15052D6624B1}.Release|Any CPU.Build.0 = Release|Any CPU
		{2612E119-0869-4FDE-B054-15052D6624B1}.Release|ARM.ActiveCfg = Release|Any CPU
		{2612E119-0869-4FDE-B054-15052D6624B1}.Release|ARM.Build.0 = Release|Any CPU
		{2612E119-0869-4FDE-B054-15052D6624B1}.Release|ARM64.ActiveCfg = Release|Any CPU
		{2612E119-0869-4FDE-B054-15052D6624B1}.Release|ARM64.Build.0 = Release|Any CPU
		{2612E119-0869-4FDE-B054-15052D6624B1}.Release|x64.ActiveCfg = Release|Any CPU
		{2612E119-0869-4FDE-B054-15052D6624B1}.Release|x64.Build.0 = Release|Any CPU
		{2612E119-0869-4FDE-B054-15052D6624B1}.Release|x86.ActiveCfg = Release|Any CPU
		{2612E119-0869-4FDE-B054-15052D6624B1}.Release|x86.Build.0 = Release|Any CPU
		{8A183BF5-8298-4DD0-BA06-7EAB3533724F}.Debug|Any CPU.ActiveCfg = Debug|Any CPU
		{8A183BF5-8298-4DD0-BA06-7EAB3533724F}.Debug|Any CPU.Build.0 = Debug|Any CPU
		{8A183BF5-8298-4DD0-BA06-7EAB3533724F}.Debug|ARM.ActiveCfg = Debug|Any CPU
		{8A183BF5-8298-4DD0-BA06-7EAB3533724F}.Debug|ARM.Build.0 = Debug|Any CPU
		{8A183BF5-8298-4DD0-BA06-7EAB3533724F}.Debug|ARM64.ActiveCfg = Debug|Any CPU
		{8A183BF5-8298-4DD0-BA06-7EAB3533724F}.Debug|ARM64.Build.0 = Debug|Any CPU
		{8A183BF5-8298-4DD0-BA06-7EAB3533724F}.Debug|x64.ActiveCfg = Debug|Any CPU
		{8A183BF5-8298-4DD0-BA06-7EAB3533724F}.Debug|x64.Build.0 = Debug|Any CPU
		{8A183BF5-8298-4DD0-BA06-7EAB3533724F}.Debug|x86.ActiveCfg = Debug|Any CPU
		{8A183BF5-8298-4DD0-BA06-7EAB3533724F}.Debug|x86.Build.0 = Debug|Any CPU
		{8A183BF5-8298-4DD0-BA06-7EAB3533724F}.Release|Any CPU.ActiveCfg = Release|Any CPU
		{8A183BF5-8298-4DD0-BA06-7EAB3533724F}.Release|Any CPU.Build.0 = Release|Any CPU
		{8A183BF5-8298-4DD0-BA06-7EAB3533724F}.Release|ARM.ActiveCfg = Release|Any CPU
		{8A183BF5-8298-4DD0-BA06-7EAB3533724F}.Release|ARM.Build.0 = Release|Any CPU
		{8A183BF5-8298-4DD0-BA06-7EAB3533724F}.Release|ARM64.ActiveCfg = Release|Any CPU
		{8A183BF5-8298-4DD0-BA06-7EAB3533724F}.Release|ARM64.Build.0 = Release|Any CPU
		{8A183BF5-8298-4DD0-BA06-7EAB3533724F}.Release|x64.ActiveCfg = Release|Any CPU
		{8A183BF5-8298-4DD0-BA06-7EAB3533724F}.Release|x64.Build.0 = Release|Any CPU
		{8A183BF5-8298-4DD0-BA06-7EAB3533724F}.Release|x86.ActiveCfg = Release|Any CPU
		{8A183BF5-8298-4DD0-BA06-7EAB3533724F}.Release|x86.Build.0 = Release|Any CPU
		{52B0704B-D7F0-4837-AF5E-CEA4D23D1D3F}.Debug|Any CPU.ActiveCfg = Debug|Any CPU
		{52B0704B-D7F0-4837-AF5E-CEA4D23D1D3F}.Debug|Any CPU.Build.0 = Debug|Any CPU
		{52B0704B-D7F0-4837-AF5E-CEA4D23D1D3F}.Debug|ARM.ActiveCfg = Debug|Any CPU
		{52B0704B-D7F0-4837-AF5E-CEA4D23D1D3F}.Debug|ARM.Build.0 = Debug|Any CPU
		{52B0704B-D7F0-4837-AF5E-CEA4D23D1D3F}.Debug|ARM64.ActiveCfg = Debug|Any CPU
		{52B0704B-D7F0-4837-AF5E-CEA4D23D1D3F}.Debug|ARM64.Build.0 = Debug|Any CPU
		{52B0704B-D7F0-4837-AF5E-CEA4D23D1D3F}.Debug|x64.ActiveCfg = Debug|Any CPU
		{52B0704B-D7F0-4837-AF5E-CEA4D23D1D3F}.Debug|x64.Build.0 = Debug|Any CPU
		{52B0704B-D7F0-4837-AF5E-CEA4D23D1D3F}.Debug|x86.ActiveCfg = Debug|Any CPU
		{52B0704B-D7F0-4837-AF5E-CEA4D23D1D3F}.Debug|x86.Build.0 = Debug|Any CPU
		{52B0704B-D7F0-4837-AF5E-CEA4D23D1D3F}.Release|Any CPU.ActiveCfg = Release|Any CPU
		{52B0704B-D7F0-4837-AF5E-CEA4D23D1D3F}.Release|Any CPU.Build.0 = Release|Any CPU
		{52B0704B-D7F0-4837-AF5E-CEA4D23D1D3F}.Release|ARM.ActiveCfg = Release|Any CPU
		{52B0704B-D7F0-4837-AF5E-CEA4D23D1D3F}.Release|ARM.Build.0 = Release|Any CPU
		{52B0704B-D7F0-4837-AF5E-CEA4D23D1D3F}.Release|ARM64.ActiveCfg = Release|Any CPU
		{52B0704B-D7F0-4837-AF5E-CEA4D23D1D3F}.Release|ARM64.Build.0 = Release|Any CPU
		{52B0704B-D7F0-4837-AF5E-CEA4D23D1D3F}.Release|x64.ActiveCfg = Release|Any CPU
		{52B0704B-D7F0-4837-AF5E-CEA4D23D1D3F}.Release|x64.Build.0 = Release|Any CPU
		{52B0704B-D7F0-4837-AF5E-CEA4D23D1D3F}.Release|x86.ActiveCfg = Release|Any CPU
		{52B0704B-D7F0-4837-AF5E-CEA4D23D1D3F}.Release|x86.Build.0 = Release|Any CPU
		{9C5BDBC8-4484-4E0F-913B-737488B90898}.Debug|Any CPU.ActiveCfg = Debug|Any CPU
		{9C5BDBC8-4484-4E0F-913B-737488B90898}.Debug|Any CPU.Build.0 = Debug|Any CPU
		{9C5BDBC8-4484-4E0F-913B-737488B90898}.Debug|ARM.ActiveCfg = Debug|Any CPU
		{9C5BDBC8-4484-4E0F-913B-737488B90898}.Debug|ARM.Build.0 = Debug|Any CPU
		{9C5BDBC8-4484-4E0F-913B-737488B90898}.Debug|ARM64.ActiveCfg = Debug|Any CPU
		{9C5BDBC8-4484-4E0F-913B-737488B90898}.Debug|ARM64.Build.0 = Debug|Any CPU
		{9C5BDBC8-4484-4E0F-913B-737488B90898}.Debug|x64.ActiveCfg = Debug|Any CPU
		{9C5BDBC8-4484-4E0F-913B-737488B90898}.Debug|x64.Build.0 = Debug|Any CPU
		{9C5BDBC8-4484-4E0F-913B-737488B90898}.Debug|x86.ActiveCfg = Debug|Any CPU
		{9C5BDBC8-4484-4E0F-913B-737488B90898}.Debug|x86.Build.0 = Debug|Any CPU
		{9C5BDBC8-4484-4E0F-913B-737488B90898}.Release|Any CPU.ActiveCfg = Release|Any CPU
		{9C5BDBC8-4484-4E0F-913B-737488B90898}.Release|Any CPU.Build.0 = Release|Any CPU
		{9C5BDBC8-4484-4E0F-913B-737488B90898}.Release|ARM.ActiveCfg = Release|Any CPU
		{9C5BDBC8-4484-4E0F-913B-737488B90898}.Release|ARM.Build.0 = Release|Any CPU
		{9C5BDBC8-4484-4E0F-913B-737488B90898}.Release|ARM64.ActiveCfg = Release|Any CPU
		{9C5BDBC8-4484-4E0F-913B-737488B90898}.Release|ARM64.Build.0 = Release|Any CPU
		{9C5BDBC8-4484-4E0F-913B-737488B90898}.Release|x64.ActiveCfg = Release|Any CPU
		{9C5BDBC8-4484-4E0F-913B-737488B90898}.Release|x64.Build.0 = Release|Any CPU
		{9C5BDBC8-4484-4E0F-913B-737488B90898}.Release|x86.ActiveCfg = Release|Any CPU
		{9C5BDBC8-4484-4E0F-913B-737488B90898}.Release|x86.Build.0 = Release|Any CPU
		{D9A2B4C2-805F-4400-A895-918508317952}.Debug|Any CPU.ActiveCfg = Debug|Any CPU
		{D9A2B4C2-805F-4400-A895-918508317952}.Debug|Any CPU.Build.0 = Debug|Any CPU
		{D9A2B4C2-805F-4400-A895-918508317952}.Debug|ARM.ActiveCfg = Debug|Any CPU
		{D9A2B4C2-805F-4400-A895-918508317952}.Debug|ARM.Build.0 = Debug|Any CPU
		{D9A2B4C2-805F-4400-A895-918508317952}.Debug|ARM64.ActiveCfg = Debug|Any CPU
		{D9A2B4C2-805F-4400-A895-918508317952}.Debug|ARM64.Build.0 = Debug|Any CPU
		{D9A2B4C2-805F-4400-A895-918508317952}.Debug|x64.ActiveCfg = Debug|Any CPU
		{D9A2B4C2-805F-4400-A895-918508317952}.Debug|x64.Build.0 = Debug|Any CPU
		{D9A2B4C2-805F-4400-A895-918508317952}.Debug|x86.ActiveCfg = Debug|Any CPU
		{D9A2B4C2-805F-4400-A895-918508317952}.Debug|x86.Build.0 = Debug|Any CPU
		{D9A2B4C2-805F-4400-A895-918508317952}.Release|Any CPU.ActiveCfg = Release|Any CPU
		{D9A2B4C2-805F-4400-A895-918508317952}.Release|Any CPU.Build.0 = Release|Any CPU
		{D9A2B4C2-805F-4400-A895-918508317952}.Release|ARM.ActiveCfg = Release|Any CPU
		{D9A2B4C2-805F-4400-A895-918508317952}.Release|ARM.Build.0 = Release|Any CPU
		{D9A2B4C2-805F-4400-A895-918508317952}.Release|ARM64.ActiveCfg = Release|Any CPU
		{D9A2B4C2-805F-4400-A895-918508317952}.Release|ARM64.Build.0 = Release|Any CPU
		{D9A2B4C2-805F-4400-A895-918508317952}.Release|x64.ActiveCfg = Release|Any CPU
		{D9A2B4C2-805F-4400-A895-918508317952}.Release|x64.Build.0 = Release|Any CPU
		{D9A2B4C2-805F-4400-A895-918508317952}.Release|x86.ActiveCfg = Release|Any CPU
		{D9A2B4C2-805F-4400-A895-918508317952}.Release|x86.Build.0 = Release|Any CPU
		{3898A852-9B75-479B-BA7B-B3E9F410440F}.Debug|Any CPU.ActiveCfg = Debug|Any CPU
		{3898A852-9B75-479B-BA7B-B3E9F410440F}.Debug|Any CPU.Build.0 = Debug|Any CPU
		{3898A852-9B75-479B-BA7B-B3E9F410440F}.Debug|ARM.ActiveCfg = Debug|Any CPU
		{3898A852-9B75-479B-BA7B-B3E9F410440F}.Debug|ARM.Build.0 = Debug|Any CPU
		{3898A852-9B75-479B-BA7B-B3E9F410440F}.Debug|ARM64.ActiveCfg = Debug|Any CPU
		{3898A852-9B75-479B-BA7B-B3E9F410440F}.Debug|ARM64.Build.0 = Debug|Any CPU
		{3898A852-9B75-479B-BA7B-B3E9F410440F}.Debug|x64.ActiveCfg = Debug|Any CPU
		{3898A852-9B75-479B-BA7B-B3E9F410440F}.Debug|x64.Build.0 = Debug|Any CPU
		{3898A852-9B75-479B-BA7B-B3E9F410440F}.Debug|x86.ActiveCfg = Debug|Any CPU
		{3898A852-9B75-479B-BA7B-B3E9F410440F}.Debug|x86.Build.0 = Debug|Any CPU
		{3898A852-9B75-479B-BA7B-B3E9F410440F}.Release|Any CPU.ActiveCfg = Release|Any CPU
		{3898A852-9B75-479B-BA7B-B3E9F410440F}.Release|Any CPU.Build.0 = Release|Any CPU
		{3898A852-9B75-479B-BA7B-B3E9F410440F}.Release|ARM.ActiveCfg = Release|Any CPU
		{3898A852-9B75-479B-BA7B-B3E9F410440F}.Release|ARM.Build.0 = Release|Any CPU
		{3898A852-9B75-479B-BA7B-B3E9F410440F}.Release|ARM64.ActiveCfg = Release|Any CPU
		{3898A852-9B75-479B-BA7B-B3E9F410440F}.Release|ARM64.Build.0 = Release|Any CPU
		{3898A852-9B75-479B-BA7B-B3E9F410440F}.Release|x64.ActiveCfg = Release|Any CPU
		{3898A852-9B75-479B-BA7B-B3E9F410440F}.Release|x64.Build.0 = Release|Any CPU
		{3898A852-9B75-479B-BA7B-B3E9F410440F}.Release|x86.ActiveCfg = Release|Any CPU
		{3898A852-9B75-479B-BA7B-B3E9F410440F}.Release|x86.Build.0 = Release|Any CPU
		{6297B588-EEEC-48AD-968E-56EA2EA4B336}.Debug|Any CPU.ActiveCfg = Debug|Any CPU
		{6297B588-EEEC-48AD-968E-56EA2EA4B336}.Debug|Any CPU.Build.0 = Debug|Any CPU
		{6297B588-EEEC-48AD-968E-56EA2EA4B336}.Debug|ARM.ActiveCfg = Debug|Any CPU
		{6297B588-EEEC-48AD-968E-56EA2EA4B336}.Debug|ARM.Build.0 = Debug|Any CPU
		{6297B588-EEEC-48AD-968E-56EA2EA4B336}.Debug|ARM64.ActiveCfg = Debug|Any CPU
		{6297B588-EEEC-48AD-968E-56EA2EA4B336}.Debug|ARM64.Build.0 = Debug|Any CPU
		{6297B588-EEEC-48AD-968E-56EA2EA4B336}.Debug|x64.ActiveCfg = Debug|Any CPU
		{6297B588-EEEC-48AD-968E-56EA2EA4B336}.Debug|x64.Build.0 = Debug|Any CPU
		{6297B588-EEEC-48AD-968E-56EA2EA4B336}.Debug|x86.ActiveCfg = Debug|Any CPU
		{6297B588-EEEC-48AD-968E-56EA2EA4B336}.Debug|x86.Build.0 = Debug|Any CPU
		{6297B588-EEEC-48AD-968E-56EA2EA4B336}.Release|Any CPU.ActiveCfg = Release|Any CPU
		{6297B588-EEEC-48AD-968E-56EA2EA4B336}.Release|Any CPU.Build.0 = Release|Any CPU
		{6297B588-EEEC-48AD-968E-56EA2EA4B336}.Release|ARM.ActiveCfg = Release|Any CPU
		{6297B588-EEEC-48AD-968E-56EA2EA4B336}.Release|ARM.Build.0 = Release|Any CPU
		{6297B588-EEEC-48AD-968E-56EA2EA4B336}.Release|ARM64.ActiveCfg = Release|Any CPU
		{6297B588-EEEC-48AD-968E-56EA2EA4B336}.Release|ARM64.Build.0 = Release|Any CPU
		{6297B588-EEEC-48AD-968E-56EA2EA4B336}.Release|x64.ActiveCfg = Release|Any CPU
		{6297B588-EEEC-48AD-968E-56EA2EA4B336}.Release|x64.Build.0 = Release|Any CPU
		{6297B588-EEEC-48AD-968E-56EA2EA4B336}.Release|x86.ActiveCfg = Release|Any CPU
		{6297B588-EEEC-48AD-968E-56EA2EA4B336}.Release|x86.Build.0 = Release|Any CPU
		{4F81D1E7-1323-4A7F-B1C9-AB44226B61B5}.Debug|Any CPU.ActiveCfg = Debug|Any CPU
		{4F81D1E7-1323-4A7F-B1C9-AB44226B61B5}.Debug|Any CPU.Build.0 = Debug|Any CPU
		{4F81D1E7-1323-4A7F-B1C9-AB44226B61B5}.Debug|ARM.ActiveCfg = Debug|Any CPU
		{4F81D1E7-1323-4A7F-B1C9-AB44226B61B5}.Debug|ARM.Build.0 = Debug|Any CPU
		{4F81D1E7-1323-4A7F-B1C9-AB44226B61B5}.Debug|ARM64.ActiveCfg = Debug|Any CPU
		{4F81D1E7-1323-4A7F-B1C9-AB44226B61B5}.Debug|ARM64.Build.0 = Debug|Any CPU
		{4F81D1E7-1323-4A7F-B1C9-AB44226B61B5}.Debug|x64.ActiveCfg = Debug|Any CPU
		{4F81D1E7-1323-4A7F-B1C9-AB44226B61B5}.Debug|x64.Build.0 = Debug|Any CPU
		{4F81D1E7-1323-4A7F-B1C9-AB44226B61B5}.Debug|x86.ActiveCfg = Debug|Any CPU
		{4F81D1E7-1323-4A7F-B1C9-AB44226B61B5}.Debug|x86.Build.0 = Debug|Any CPU
		{4F81D1E7-1323-4A7F-B1C9-AB44226B61B5}.Release|Any CPU.ActiveCfg = Release|Any CPU
		{4F81D1E7-1323-4A7F-B1C9-AB44226B61B5}.Release|Any CPU.Build.0 = Release|Any CPU
		{4F81D1E7-1323-4A7F-B1C9-AB44226B61B5}.Release|ARM.ActiveCfg = Release|Any CPU
		{4F81D1E7-1323-4A7F-B1C9-AB44226B61B5}.Release|ARM.Build.0 = Release|Any CPU
		{4F81D1E7-1323-4A7F-B1C9-AB44226B61B5}.Release|ARM64.ActiveCfg = Release|Any CPU
		{4F81D1E7-1323-4A7F-B1C9-AB44226B61B5}.Release|ARM64.Build.0 = Release|Any CPU
		{4F81D1E7-1323-4A7F-B1C9-AB44226B61B5}.Release|x64.ActiveCfg = Release|Any CPU
		{4F81D1E7-1323-4A7F-B1C9-AB44226B61B5}.Release|x64.Build.0 = Release|Any CPU
		{4F81D1E7-1323-4A7F-B1C9-AB44226B61B5}.Release|x86.ActiveCfg = Release|Any CPU
		{4F81D1E7-1323-4A7F-B1C9-AB44226B61B5}.Release|x86.Build.0 = Release|Any CPU
		{D9688358-FADB-4E8E-A049-B60A02B82D6A}.Debug|Any CPU.ActiveCfg = Debug|Any CPU
		{D9688358-FADB-4E8E-A049-B60A02B82D6A}.Debug|Any CPU.Build.0 = Debug|Any CPU
		{D9688358-FADB-4E8E-A049-B60A02B82D6A}.Debug|ARM.ActiveCfg = Debug|Any CPU
		{D9688358-FADB-4E8E-A049-B60A02B82D6A}.Debug|ARM.Build.0 = Debug|Any CPU
		{D9688358-FADB-4E8E-A049-B60A02B82D6A}.Debug|ARM64.ActiveCfg = Debug|Any CPU
		{D9688358-FADB-4E8E-A049-B60A02B82D6A}.Debug|ARM64.Build.0 = Debug|Any CPU
		{D9688358-FADB-4E8E-A049-B60A02B82D6A}.Debug|x64.ActiveCfg = Debug|Any CPU
		{D9688358-FADB-4E8E-A049-B60A02B82D6A}.Debug|x64.Build.0 = Debug|Any CPU
		{D9688358-FADB-4E8E-A049-B60A02B82D6A}.Debug|x86.ActiveCfg = Debug|Any CPU
		{D9688358-FADB-4E8E-A049-B60A02B82D6A}.Debug|x86.Build.0 = Debug|Any CPU
		{D9688358-FADB-4E8E-A049-B60A02B82D6A}.Release|Any CPU.ActiveCfg = Release|Any CPU
		{D9688358-FADB-4E8E-A049-B60A02B82D6A}.Release|Any CPU.Build.0 = Release|Any CPU
		{D9688358-FADB-4E8E-A049-B60A02B82D6A}.Release|ARM.ActiveCfg = Release|Any CPU
		{D9688358-FADB-4E8E-A049-B60A02B82D6A}.Release|ARM.Build.0 = Release|Any CPU
		{D9688358-FADB-4E8E-A049-B60A02B82D6A}.Release|ARM64.ActiveCfg = Release|Any CPU
		{D9688358-FADB-4E8E-A049-B60A02B82D6A}.Release|ARM64.Build.0 = Release|Any CPU
		{D9688358-FADB-4E8E-A049-B60A02B82D6A}.Release|x64.ActiveCfg = Release|Any CPU
		{D9688358-FADB-4E8E-A049-B60A02B82D6A}.Release|x64.Build.0 = Release|Any CPU
		{D9688358-FADB-4E8E-A049-B60A02B82D6A}.Release|x86.ActiveCfg = Release|Any CPU
		{D9688358-FADB-4E8E-A049-B60A02B82D6A}.Release|x86.Build.0 = Release|Any CPU
		{B91BD3DE-BE3E-429F-BD1B-716E1BD96C79}.Debug|Any CPU.ActiveCfg = Debug|Any CPU
		{B91BD3DE-BE3E-429F-BD1B-716E1BD96C79}.Debug|Any CPU.Build.0 = Debug|Any CPU
		{B91BD3DE-BE3E-429F-BD1B-716E1BD96C79}.Debug|ARM.ActiveCfg = Debug|Any CPU
		{B91BD3DE-BE3E-429F-BD1B-716E1BD96C79}.Debug|ARM.Build.0 = Debug|Any CPU
		{B91BD3DE-BE3E-429F-BD1B-716E1BD96C79}.Debug|ARM64.ActiveCfg = Debug|Any CPU
		{B91BD3DE-BE3E-429F-BD1B-716E1BD96C79}.Debug|ARM64.Build.0 = Debug|Any CPU
		{B91BD3DE-BE3E-429F-BD1B-716E1BD96C79}.Debug|x64.ActiveCfg = Debug|Any CPU
		{B91BD3DE-BE3E-429F-BD1B-716E1BD96C79}.Debug|x64.Build.0 = Debug|Any CPU
		{B91BD3DE-BE3E-429F-BD1B-716E1BD96C79}.Debug|x86.ActiveCfg = Debug|Any CPU
		{B91BD3DE-BE3E-429F-BD1B-716E1BD96C79}.Debug|x86.Build.0 = Debug|Any CPU
		{B91BD3DE-BE3E-429F-BD1B-716E1BD96C79}.Release|Any CPU.ActiveCfg = Release|Any CPU
		{B91BD3DE-BE3E-429F-BD1B-716E1BD96C79}.Release|Any CPU.Build.0 = Release|Any CPU
		{B91BD3DE-BE3E-429F-BD1B-716E1BD96C79}.Release|ARM.ActiveCfg = Release|Any CPU
		{B91BD3DE-BE3E-429F-BD1B-716E1BD96C79}.Release|ARM.Build.0 = Release|Any CPU
		{B91BD3DE-BE3E-429F-BD1B-716E1BD96C79}.Release|ARM64.ActiveCfg = Release|Any CPU
		{B91BD3DE-BE3E-429F-BD1B-716E1BD96C79}.Release|ARM64.Build.0 = Release|Any CPU
		{B91BD3DE-BE3E-429F-BD1B-716E1BD96C79}.Release|x64.ActiveCfg = Release|Any CPU
		{B91BD3DE-BE3E-429F-BD1B-716E1BD96C79}.Release|x64.Build.0 = Release|Any CPU
		{B91BD3DE-BE3E-429F-BD1B-716E1BD96C79}.Release|x86.ActiveCfg = Release|Any CPU
		{B91BD3DE-BE3E-429F-BD1B-716E1BD96C79}.Release|x86.Build.0 = Release|Any CPU
		{546D23B5-7F86-46B4-8F02-305A9BF07749}.Debug|Any CPU.ActiveCfg = Debug|Any CPU
		{546D23B5-7F86-46B4-8F02-305A9BF07749}.Debug|Any CPU.Build.0 = Debug|Any CPU
		{546D23B5-7F86-46B4-8F02-305A9BF07749}.Debug|ARM.ActiveCfg = Debug|Any CPU
		{546D23B5-7F86-46B4-8F02-305A9BF07749}.Debug|ARM.Build.0 = Debug|Any CPU
		{546D23B5-7F86-46B4-8F02-305A9BF07749}.Debug|ARM64.ActiveCfg = Debug|Any CPU
		{546D23B5-7F86-46B4-8F02-305A9BF07749}.Debug|ARM64.Build.0 = Debug|Any CPU
		{546D23B5-7F86-46B4-8F02-305A9BF07749}.Debug|x64.ActiveCfg = Debug|Any CPU
		{546D23B5-7F86-46B4-8F02-305A9BF07749}.Debug|x64.Build.0 = Debug|Any CPU
		{546D23B5-7F86-46B4-8F02-305A9BF07749}.Debug|x86.ActiveCfg = Debug|Any CPU
		{546D23B5-7F86-46B4-8F02-305A9BF07749}.Debug|x86.Build.0 = Debug|Any CPU
		{546D23B5-7F86-46B4-8F02-305A9BF07749}.Release|Any CPU.ActiveCfg = Release|Any CPU
		{546D23B5-7F86-46B4-8F02-305A9BF07749}.Release|Any CPU.Build.0 = Release|Any CPU
		{546D23B5-7F86-46B4-8F02-305A9BF07749}.Release|ARM.ActiveCfg = Release|Any CPU
		{546D23B5-7F86-46B4-8F02-305A9BF07749}.Release|ARM.Build.0 = Release|Any CPU
		{546D23B5-7F86-46B4-8F02-305A9BF07749}.Release|ARM64.ActiveCfg = Release|Any CPU
		{546D23B5-7F86-46B4-8F02-305A9BF07749}.Release|ARM64.Build.0 = Release|Any CPU
		{546D23B5-7F86-46B4-8F02-305A9BF07749}.Release|x64.ActiveCfg = Release|Any CPU
		{546D23B5-7F86-46B4-8F02-305A9BF07749}.Release|x64.Build.0 = Release|Any CPU
		{546D23B5-7F86-46B4-8F02-305A9BF07749}.Release|x86.ActiveCfg = Release|Any CPU
		{546D23B5-7F86-46B4-8F02-305A9BF07749}.Release|x86.Build.0 = Release|Any CPU
		{21B89F62-E5E5-4953-AA7D-2FF89D006645}.Debug|Any CPU.ActiveCfg = Debug|Any CPU
		{21B89F62-E5E5-4953-AA7D-2FF89D006645}.Debug|Any CPU.Build.0 = Debug|Any CPU
		{21B89F62-E5E5-4953-AA7D-2FF89D006645}.Debug|ARM.ActiveCfg = Debug|Any CPU
		{21B89F62-E5E5-4953-AA7D-2FF89D006645}.Debug|ARM.Build.0 = Debug|Any CPU
		{21B89F62-E5E5-4953-AA7D-2FF89D006645}.Debug|ARM64.ActiveCfg = Debug|Any CPU
		{21B89F62-E5E5-4953-AA7D-2FF89D006645}.Debug|ARM64.Build.0 = Debug|Any CPU
		{21B89F62-E5E5-4953-AA7D-2FF89D006645}.Debug|x64.ActiveCfg = Debug|Any CPU
		{21B89F62-E5E5-4953-AA7D-2FF89D006645}.Debug|x64.Build.0 = Debug|Any CPU
		{21B89F62-E5E5-4953-AA7D-2FF89D006645}.Debug|x86.ActiveCfg = Debug|Any CPU
		{21B89F62-E5E5-4953-AA7D-2FF89D006645}.Debug|x86.Build.0 = Debug|Any CPU
		{21B89F62-E5E5-4953-AA7D-2FF89D006645}.Release|Any CPU.ActiveCfg = Release|Any CPU
		{21B89F62-E5E5-4953-AA7D-2FF89D006645}.Release|Any CPU.Build.0 = Release|Any CPU
		{21B89F62-E5E5-4953-AA7D-2FF89D006645}.Release|ARM.ActiveCfg = Release|Any CPU
		{21B89F62-E5E5-4953-AA7D-2FF89D006645}.Release|ARM.Build.0 = Release|Any CPU
		{21B89F62-E5E5-4953-AA7D-2FF89D006645}.Release|ARM64.ActiveCfg = Release|Any CPU
		{21B89F62-E5E5-4953-AA7D-2FF89D006645}.Release|ARM64.Build.0 = Release|Any CPU
		{21B89F62-E5E5-4953-AA7D-2FF89D006645}.Release|x64.ActiveCfg = Release|Any CPU
		{21B89F62-E5E5-4953-AA7D-2FF89D006645}.Release|x64.Build.0 = Release|Any CPU
		{21B89F62-E5E5-4953-AA7D-2FF89D006645}.Release|x86.ActiveCfg = Release|Any CPU
		{21B89F62-E5E5-4953-AA7D-2FF89D006645}.Release|x86.Build.0 = Release|Any CPU
		{E0A48907-06BE-420D-BB64-ECA23BE222A2}.Debug|Any CPU.ActiveCfg = Debug|Any CPU
		{E0A48907-06BE-420D-BB64-ECA23BE222A2}.Debug|Any CPU.Build.0 = Debug|Any CPU
		{E0A48907-06BE-420D-BB64-ECA23BE222A2}.Debug|ARM.ActiveCfg = Debug|Any CPU
		{E0A48907-06BE-420D-BB64-ECA23BE222A2}.Debug|ARM.Build.0 = Debug|Any CPU
		{E0A48907-06BE-420D-BB64-ECA23BE222A2}.Debug|ARM64.ActiveCfg = Debug|Any CPU
		{E0A48907-06BE-420D-BB64-ECA23BE222A2}.Debug|ARM64.Build.0 = Debug|Any CPU
		{E0A48907-06BE-420D-BB64-ECA23BE222A2}.Debug|x64.ActiveCfg = Debug|Any CPU
		{E0A48907-06BE-420D-BB64-ECA23BE222A2}.Debug|x64.Build.0 = Debug|Any CPU
		{E0A48907-06BE-420D-BB64-ECA23BE222A2}.Debug|x86.ActiveCfg = Debug|Any CPU
		{E0A48907-06BE-420D-BB64-ECA23BE222A2}.Debug|x86.Build.0 = Debug|Any CPU
		{E0A48907-06BE-420D-BB64-ECA23BE222A2}.Release|Any CPU.ActiveCfg = Release|Any CPU
		{E0A48907-06BE-420D-BB64-ECA23BE222A2}.Release|Any CPU.Build.0 = Release|Any CPU
		{E0A48907-06BE-420D-BB64-ECA23BE222A2}.Release|ARM.ActiveCfg = Release|Any CPU
		{E0A48907-06BE-420D-BB64-ECA23BE222A2}.Release|ARM.Build.0 = Release|Any CPU
		{E0A48907-06BE-420D-BB64-ECA23BE222A2}.Release|ARM64.ActiveCfg = Release|Any CPU
		{E0A48907-06BE-420D-BB64-ECA23BE222A2}.Release|ARM64.Build.0 = Release|Any CPU
		{E0A48907-06BE-420D-BB64-ECA23BE222A2}.Release|x64.ActiveCfg = Release|Any CPU
		{E0A48907-06BE-420D-BB64-ECA23BE222A2}.Release|x64.Build.0 = Release|Any CPU
		{E0A48907-06BE-420D-BB64-ECA23BE222A2}.Release|x86.ActiveCfg = Release|Any CPU
		{E0A48907-06BE-420D-BB64-ECA23BE222A2}.Release|x86.Build.0 = Release|Any CPU
	EndGlobalSection
	GlobalSection(SolutionProperties) = preSolution
		HideSolutionNode = FALSE
	EndGlobalSection
	GlobalSection(NestedProjects) = preSolution
		{1037551B-9171-4822-BEDC-C9CC82D1A090} = {CEF1B14A-CE87-4C86-BF0C-3EFB74A38546}
		{1C8B8589-7729-41B1-B8A3-DB6576E0CD88} = {CEF1B14A-CE87-4C86-BF0C-3EFB74A38546}
		{E735FCC0-EA1E-4093-A073-4ACD6A851F95} = {CEF1B14A-CE87-4C86-BF0C-3EFB74A38546}
		{4613F754-4C02-4810-856E-922CBBBC22C3} = {CEF1B14A-CE87-4C86-BF0C-3EFB74A38546}
		{453CA23B-B0B4-45CB-A862-4D71E5C6C90E} = {CEF1B14A-CE87-4C86-BF0C-3EFB74A38546}
		{450B24B9-C412-4055-A6B6-42E329B4AAC1} = {CEF1B14A-CE87-4C86-BF0C-3EFB74A38546}
		{B7598D5E-D657-42EB-B312-73AFA6E3658F} = {CEF1B14A-CE87-4C86-BF0C-3EFB74A38546}
		{3C51FEF4-F9E9-48C2-8D0E-81759F3C92A5} = {F6EEC45D-3876-450C-8E11-86E0C39FDCD0}
		{7ED26B85-761E-47B8-9AB0-93EFDE526AFD} = {F6EEC45D-3876-450C-8E11-86E0C39FDCD0}
		{7FB19A96-E730-4A7E-9632-CCF60C686F5E} = {F6EEC45D-3876-450C-8E11-86E0C39FDCD0}
		{A2411A08-B4C5-4FC7-9D30-677965D38106} = {F6EEC45D-3876-450C-8E11-86E0C39FDCD0}
		{9F2C1843-A293-4574-ADA2-C44126A1ED23} = {F6EEC45D-3876-450C-8E11-86E0C39FDCD0}
		{ADB9D5D3-E164-4F7C-91C1-6448534BBFEE} = {CEF1B14A-CE87-4C86-BF0C-3EFB74A38546}
		{EAFD5B79-14D6-485E-8D9B-880EACF5853F} = {6A1B5362-D1B0-48C5-A8FD-A904003022CF}
		{4B8A892D-828C-4FF4-B145-6663A9F547D5} = {6A1B5362-D1B0-48C5-A8FD-A904003022CF}
		{05E01624-49A1-43DB-94AF-07A2993D1363} = {6A1B5362-D1B0-48C5-A8FD-A904003022CF}
		{529A3F55-4A51-44DF-B8D7-13C3721110F6} = {6A1B5362-D1B0-48C5-A8FD-A904003022CF}
		{6E053935-D5EF-49FC-BA73-0B7914EEE9D5} = {6A1B5362-D1B0-48C5-A8FD-A904003022CF}
		{744C41BB-C427-49C6-B1E3-6A3F87D8DA6D} = {EE1BB0D0-01B8-4A34-BD53-D3259863A899}
		{52D1E33A-019A-4E83-89CB-ABA6E3DCF628} = {EE1BB0D0-01B8-4A34-BD53-D3259863A899}
		{458CA484-5C1B-421B-9F0A-D133E67F5CD4} = {EE1BB0D0-01B8-4A34-BD53-D3259863A899}
		{CA44AA8D-650A-4270-AAFE-EC278A5A44CF} = {EE1BB0D0-01B8-4A34-BD53-D3259863A899}
		{1A384B78-3986-40D4-91BF-935D61864689} = {6A1B5362-D1B0-48C5-A8FD-A904003022CF}
		{B22B83E2-42D7-41FD-8DC5-52840141554E} = {EE1BB0D0-01B8-4A34-BD53-D3259863A899}
		{1C49B739-7715-4AF2-80F1-111C947C22A8} = {F97123C2-E900-42D9-8FBE-4EAF892D3736}
		{0DE5F758-20AE-4397-ABF3-305D4A155A28} = {55AED635-9FB9-46C7-8AE1-BDD7E01BF577}
		{6355AC91-98A0-4CA3-B114-537BA305DF4F} = {71D8B1E7-8EE2-4305-8903-AEE49B77BB6F}
		{C24CF58E-6FE1-4D89-8BC4-24E206326FD6} = {71D8B1E7-8EE2-4305-8903-AEE49B77BB6F}
		{2612E119-0869-4FDE-B054-15052D6624B1} = {71D8B1E7-8EE2-4305-8903-AEE49B77BB6F}
		{8A183BF5-8298-4DD0-BA06-7EAB3533724F} = {71D8B1E7-8EE2-4305-8903-AEE49B77BB6F}
		{52B0704B-D7F0-4837-AF5E-CEA4D23D1D3F} = {71D8B1E7-8EE2-4305-8903-AEE49B77BB6F}
		{9C5BDBC8-4484-4E0F-913B-737488B90898} = {B42CC612-500D-4332-A667-6BB6EB3543E6}
		{D9A2B4C2-805F-4400-A895-918508317952} = {F6EEC45D-3876-450C-8E11-86E0C39FDCD0}
		{3898A852-9B75-479B-BA7B-B3E9F410440F} = {B42CC612-500D-4332-A667-6BB6EB3543E6}
		{6297B588-EEEC-48AD-968E-56EA2EA4B336} = {71D8B1E7-8EE2-4305-8903-AEE49B77BB6F}
		{4F81D1E7-1323-4A7F-B1C9-AB44226B61B5} = {71D8B1E7-8EE2-4305-8903-AEE49B77BB6F}
		{D9688358-FADB-4E8E-A049-B60A02B82D6A} = {71D8B1E7-8EE2-4305-8903-AEE49B77BB6F}
		{B91BD3DE-BE3E-429F-BD1B-716E1BD96C79} = {71D8B1E7-8EE2-4305-8903-AEE49B77BB6F}
		{546D23B5-7F86-46B4-8F02-305A9BF07749} = {71D8B1E7-8EE2-4305-8903-AEE49B77BB6F}
		{21B89F62-E5E5-4953-AA7D-2FF89D006645} = {5E6A0988-E1EE-4F69-99F3-8FA6B115EFA1}
		{E0A48907-06BE-420D-BB64-ECA23BE222A2} = {D1DF5588-202E-4CA6-A5C8-0E34201EB13B}
	EndGlobalSection
	GlobalSection(ExtensibilityGlobals) = postSolution
		SolutionGuid = {88E7A67E-38A2-48D9-9EB0-80CD0D3A6454}
	EndGlobalSection
EndGlobal
