
Microsoft Visual Studio Solution File, Format Version 12.00
# Visual Studio Version 17
VisualStudioVersion = 17.0.31521.260
MinimumVisualStudioVersion = 10.0.40219.1
Project("{FAE04EC0-301F-11D3-BF4B-00C04F79EFBC}") = "CH09_AspNetCoreCaching", "CH09_AspNetCoreCaching\CH09_AspNetCoreCaching.csproj", "{AADB42C8-AB90-4CB4-84DC-9EA512B92C42}"
EndProject
Global
	GlobalSection(SolutionConfigurationPlatforms) = preSolution
		Debug|Any CPU = Debug|Any CPU
		Release|Any CPU = Release|Any CPU
	EndGlobalSection
	GlobalSection(ProjectConfigurationPlatforms) = postSolution
		{AADB42C8-AB90-4CB4-84DC-9EA512B92C42}.Debug|Any CPU.ActiveCfg = Debug|Any CPU
		{AADB42C8-AB90-4CB4-84DC-9EA512B92C42}.Debug|Any CPU.Build.0 = Debug|Any CPU
		{AADB42C8-AB90-4CB4-84DC-9EA512B92C42}.Release|Any CPU.ActiveCfg = Release|Any CPU
		{AADB42C8-AB90-4CB4-84DC-9EA512B92C42}.Release|Any CPU.Build.0 = Release|Any CPU
	EndGlobalSection
	GlobalSection(SolutionProperties) = preSolution
		HideSolutionNode = FALSE
	EndGlobalSection
	GlobalSection(ExtensibilityGlobals) = postSolution
		SolutionGuid = {C8A4DD33-0153-4B45-AA77-E538AEED555F}
	EndGlobalSection
EndGlobal
