
Microsoft Visual Studio Solution File, Format Version 12.00
# Visual Studio Version 17
VisualStudioVersion = 17.2.32616.157
MinimumVisualStudioVersion = 10.0.40219.1
Project("{FAE04EC0-301F-11D3-BF4B-00C04F79EFBC}") = "CH09_AspNetCoreCaching", "CH09_AspNetCoreCaching\CH09_AspNetCoreCaching.csproj", "{4E6B2A60-E7C6-4D4B-BC22-9060BFFCA3FE}"
EndProject
Global
	GlobalSection(SolutionConfigurationPlatforms) = preSolution
		Debug|Any CPU = Debug|Any CPU
		Release|Any CPU = Release|Any CPU
	EndGlobalSection
	GlobalSection(ProjectConfigurationPlatforms) = postSolution
		{4E6B2A60-E7C6-4D4B-BC22-9060BFFCA3FE}.Debug|Any CPU.ActiveCfg = Debug|Any CPU
		{4E6B2A60-E7C6-4D4B-BC22-9060BFFCA3FE}.Debug|Any CPU.Build.0 = Debug|Any CPU
		{4E6B2A60-E7C6-4D4B-BC22-9060BFFCA3FE}.Release|Any CPU.ActiveCfg = Release|Any CPU
		{4E6B2A60-E7C6-4D4B-BC22-9060BFFCA3FE}.Release|Any CPU.Build.0 = Release|Any CPU
	EndGlobalSection
	GlobalSection(SolutionProperties) = preSolution
		HideSolutionNode = FALSE
	EndGlobalSection
	GlobalSection(ExtensibilityGlobals) = postSolution
		SolutionGuid = {1A5FEBD1-6635-422A-99A5-6E4D9718906B}
	EndGlobalSection
EndGlobal
