
Microsoft Visual Studio Solution File, Format Version 12.00
# Visual Studio Version 17
VisualStudioVersion = 17.0.31825.309
MinimumVisualStudioVersion = 10.0.40219.1
Project("{9A19103F-16F7-4668-BE54-9A1E7A4F7556}") = "CH04_PreventingMemoryLeaks.WinForms", "CH04_PreventingMemoryLeaks.WinForms.csproj", "{4533302C-F261-42F6-A6C9-D2DCC54330E2}"
EndProject
Global
	GlobalSection(SolutionConfigurationPlatforms) = preSolution
		Debug|Any CPU = Debug|Any CPU
		Release|Any CPU = Release|Any CPU
	EndGlobalSection
	GlobalSection(ProjectConfigurationPlatforms) = postSolution
		{4533302C-F261-42F6-A6C9-D2DCC54330E2}.Debug|Any CPU.ActiveCfg = Debug|Any CPU
		{4533302C-F261-42F6-A6C9-D2DCC54330E2}.Debug|Any CPU.Build.0 = Debug|Any CPU
		{4533302C-F261-42F6-A6C9-D2DCC54330E2}.Release|Any CPU.ActiveCfg = Release|Any CPU
		{4533302C-F261-42F6-A6C9-D2DCC54330E2}.Release|Any CPU.Build.0 = Release|Any CPU
	EndGlobalSection
	GlobalSection(SolutionProperties) = preSolution
		HideSolutionNode = FALSE
	EndGlobalSection
	GlobalSection(ExtensibilityGlobals) = postSolution
		SolutionGuid = {62AA3388-BB68-46BB-859F-8EE489CADB08}
	EndGlobalSection
EndGlobal
