
Microsoft Visual Studio Solution File, Format Version 12.00
# Visual Studio Version 17
VisualStudioVersion = 17.0.32112.339
MinimumVisualStudioVersion = 10.0.40219.1
Project("{FAE04EC0-301F-11D3-BF4B-00C04F79EFBC}") = "CH13_EventSourcing", "CH13_EventSourcing\CH13_EventSourcing.csproj", "{A6FF47D8-C305-43A7-ACBD-76BCFFFDE9EC}"
EndProject
Global
	GlobalSection(SolutionConfigurationPlatforms) = preSolution
		Debug|Any CPU = Debug|Any CPU
		Release|Any CPU = Release|Any CPU
	EndGlobalSection
	GlobalSection(ProjectConfigurationPlatforms) = postSolution
		{A6FF47D8-C305-43A7-ACBD-76BCFFFDE9EC}.Debug|Any CPU.ActiveCfg = Debug|Any CPU
		{A6FF47D8-C305-43A7-ACBD-76BCFFFDE9EC}.Debug|Any CPU.Build.0 = Debug|Any CPU
		{A6FF47D8-C305-43A7-ACBD-76BCFFFDE9EC}.Release|Any CPU.ActiveCfg = Release|Any CPU
		{A6FF47D8-C305-43A7-ACBD-76BCFFFDE9EC}.Release|Any CPU.Build.0 = Release|Any CPU
	EndGlobalSection
	GlobalSection(SolutionProperties) = preSolution
		HideSolutionNode = FALSE
	EndGlobalSection
	GlobalSection(ExtensibilityGlobals) = postSolution
		SolutionGuid = {E79BBBD4-5EB4-42ED-9FB7-9574F0A9F07F}
	EndGlobalSection
EndGlobal
