
Microsoft Visual Studio Solution File, Format Version 12.00
# Visual Studio Version 16
VisualStudioVersion = 16.0.30317.65
MinimumVisualStudioVersion = 10.0.40219.1
Project("{FAE04EC0-301F-11D3-BF4B-00C04F79EFBC}") = "CH01_CovariantReturns", "CH01_CovariantReturns\CH01_CovariantReturns.csproj", "{528742B4-D016-4BF2-8EC8-A6C4CCAE328F}"
EndProject
Global
	GlobalSection(SolutionConfigurationPlatforms) = preSolution
		Debug|Any CPU = Debug|Any CPU
		Release|Any CPU = Release|Any CPU
	EndGlobalSection
	GlobalSection(ProjectConfigurationPlatforms) = postSolution
		{528742B4-D016-4BF2-8EC8-A6C4CCAE328F}.Debug|Any CPU.ActiveCfg = Debug|Any CPU
		{528742B4-D016-4BF2-8EC8-A6C4CCAE328F}.Debug|Any CPU.Build.0 = Debug|Any CPU
		{528742B4-D016-4BF2-8EC8-A6C4CCAE328F}.Release|Any CPU.ActiveCfg = Release|Any CPU
		{528742B4-D016-4BF2-8EC8-A6C4CCAE328F}.Release|Any CPU.Build.0 = Release|Any CPU
	EndGlobalSection
	GlobalSection(SolutionProperties) = preSolution
		HideSolutionNode = FALSE
	EndGlobalSection
	GlobalSection(ExtensibilityGlobals) = postSolution
		SolutionGuid = {47315880-6A0C-4BCF-9753-77E4B9FC49F0}
	EndGlobalSection
EndGlobal
