
Microsoft Visual Studio Solution File, Format Version 12.00
# Visual Studio Version 16
VisualStudioVersion = 16.0.30317.65
MinimumVisualStudioVersion = 10.0.40219.1
Project("{FAE04EC0-301F-11D3-BF4B-00C04F79EFBC}") = "CH01_TargetedTypeEpressions", "CH01_TypedTypeEpressions\CH01_TargetedTypeEpressions.csproj", "{62FA568E-245A-4FB5-9A60-89857D5D9DC4}"
EndProject
Global
	GlobalSection(SolutionConfigurationPlatforms) = preSolution
		Debug|Any CPU = Debug|Any CPU
		Release|Any CPU = Release|Any CPU
	EndGlobalSection
	GlobalSection(ProjectConfigurationPlatforms) = postSolution
		{62FA568E-245A-4FB5-9A60-89857D5D9DC4}.Debug|Any CPU.ActiveCfg = Debug|Any CPU
		{62FA568E-245A-4FB5-9A60-89857D5D9DC4}.Debug|Any CPU.Build.0 = Debug|Any CPU
		{62FA568E-245A-4FB5-9A60-89857D5D9DC4}.Release|Any CPU.ActiveCfg = Release|Any CPU
		{62FA568E-245A-4FB5-9A60-89857D5D9DC4}.Release|Any CPU.Build.0 = Release|Any CPU
	EndGlobalSection
	GlobalSection(SolutionProperties) = preSolution
		HideSolutionNode = FALSE
	EndGlobalSection
	GlobalSection(ExtensibilityGlobals) = postSolution
		SolutionGuid = {EBEB1CFC-C7AD-462D-A5AC-1A96368BF98D}
	EndGlobalSection
EndGlobal
