
Microsoft Visual Studio Solution File, Format Version 12.00
# Visual Studio Version 17
VisualStudioVersion = 17.0.31825.309
MinimumVisualStudioVersion = 10.0.40219.1
Project("{9A19103F-16F7-4668-BE54-9A1E7A4F7556}") = "CH09_TcpServer", "CH09_TcpServer.csproj", "{962F92BB-9C94-4E14-831A-E7800067164B}"
EndProject
Global
	GlobalSection(SolutionConfigurationPlatforms) = preSolution
		Debug|Any CPU = Debug|Any CPU
		Release|Any CPU = Release|Any CPU
	EndGlobalSection
	GlobalSection(ProjectConfigurationPlatforms) = postSolution
		{962F92BB-9C94-4E14-831A-E7800067164B}.Debug|Any CPU.ActiveCfg = Debug|Any CPU
		{962F92BB-9C94-4E14-831A-E7800067164B}.Debug|Any CPU.Build.0 = Debug|Any CPU
		{962F92BB-9C94-4E14-831A-E7800067164B}.Release|Any CPU.ActiveCfg = Release|Any CPU
		{962F92BB-9C94-4E14-831A-E7800067164B}.Release|Any CPU.Build.0 = Release|Any CPU
	EndGlobalSection
	GlobalSection(SolutionProperties) = preSolution
		HideSolutionNode = FALSE
	EndGlobalSection
	GlobalSection(ExtensibilityGlobals) = postSolution
		SolutionGuid = {984A09FF-58E1-48D1-B2AA-DE364D140BAE}
	EndGlobalSection
EndGlobal
