
Microsoft Visual Studio Solution File, Format Version 12.00
# Visual Studio Version 17
VisualStudioVersion = 17.1.32228.430
MinimumVisualStudioVersion = 10.0.40219.1
Project("{FAE04EC0-301F-11D3-BF4B-00C04F79EFBC}") = "CH14_Multithreading", "CH14_Multithreading\CH14_Multithreading.csproj", "{DBA68BD6-43B3-449C-A0C9-6E47263E63FB}"
EndProject
Global
	GlobalSection(SolutionConfigurationPlatforms) = preSolution
		Debug|Any CPU = Debug|Any CPU
		Release|Any CPU = Release|Any CPU
	EndGlobalSection
	GlobalSection(ProjectConfigurationPlatforms) = postSolution
		{DBA68BD6-43B3-449C-A0C9-6E47263E63FB}.Debug|Any CPU.ActiveCfg = Debug|Any CPU
		{DBA68BD6-43B3-449C-A0C9-6E47263E63FB}.Debug|Any CPU.Build.0 = Debug|Any CPU
		{DBA68BD6-43B3-449C-A0C9-6E47263E63FB}.Release|Any CPU.ActiveCfg = Release|Any CPU
		{DBA68BD6-43B3-449C-A0C9-6E47263E63FB}.Release|Any CPU.Build.0 = Release|Any CPU
	EndGlobalSection
	GlobalSection(SolutionProperties) = preSolution
		HideSolutionNode = FALSE
	EndGlobalSection
	GlobalSection(ExtensibilityGlobals) = postSolution
		SolutionGuid = {4F9C116A-F810-4CDC-BF54-0CA3A53E59F5}
	EndGlobalSection
EndGlobal
