
Microsoft Visual Studio Solution File, Format Version 12.00
# Visual Studio Version 16
VisualStudioVersion = 16.0.30420.98
MinimumVisualStudioVersion = 10.0.40219.1
Project("{8BC9CEB8-8B4A-11D0-8D11-00A0C91BC942}") = "CH02_NativeLibrary", "CH02_NativeLibrary\CH02_NativeLibrary.vcxproj", "{8AEA0142-0058-420F-AA1B-F8F2C3D74320}"
EndProject
Project("{9A19103F-16F7-4668-BE54-9A1E7A4F7556}") = "CH02_PInvoke", "..\CH02_PInvoke\CH02_PInvoke.csproj", "{EEF86459-F952-450F-B240-946B25F80A7A}"
	ProjectSection(ProjectDependencies) = postProject
		{8AEA0142-0058-420F-AA1B-F8F2C3D74320} = {8AEA0142-0058-420F-AA1B-F8F2C3D74320}
	EndProjectSection
EndProject
Global
	GlobalSection(SolutionConfigurationPlatforms) = preSolution
		Debug|Any CPU = Debug|Any CPU
		Debug|ARM = Debug|ARM
		Debug|x64 = Debug|x64
		Debug|x86 = Debug|x86
		Release|Any CPU = Release|Any CPU
		Release|ARM = Release|ARM
		Release|x64 = Release|x64
		Release|x86 = Release|x86
	EndGlobalSection
	GlobalSection(ProjectConfigurationPlatforms) = postSolution
		{8AEA0142-0058-420F-AA1B-F8F2C3D74320}.Debug|Any CPU.ActiveCfg = Debug|Win32
		{8AEA0142-0058-420F-AA1B-F8F2C3D74320}.Debug|Any CPU.Build.0 = Debug|Win32
		{8AEA0142-0058-420F-AA1B-F8F2C3D74320}.Debug|ARM.ActiveCfg = Debug|x64
		{8AEA0142-0058-420F-AA1B-F8F2C3D74320}.Debug|ARM.Build.0 = Debug|x64
		{8AEA0142-0058-420F-AA1B-F8F2C3D74320}.Debug|x64.ActiveCfg = Debug|x64
		{8AEA0142-0058-420F-AA1B-F8F2C3D74320}.Debug|x64.Build.0 = Debug|x64
		{8AEA0142-0058-420F-AA1B-F8F2C3D74320}.Debug|x86.ActiveCfg = Debug|Win32
		{8AEA0142-0058-420F-AA1B-F8F2C3D74320}.Debug|x86.Build.0 = Debug|Win32
		{8AEA0142-0058-420F-AA1B-F8F2C3D74320}.Release|Any CPU.ActiveCfg = Release|Win32
		{8AEA0142-0058-420F-AA1B-F8F2C3D74320}.Release|ARM.ActiveCfg = Release|ARM
		{8AEA0142-0058-420F-AA1B-F8F2C3D74320}.Release|ARM.Build.0 = Release|ARM
		{8AEA0142-0058-420F-AA1B-F8F2C3D74320}.Release|x64.ActiveCfg = Release|x64
		{8AEA0142-0058-420F-AA1B-F8F2C3D74320}.Release|x64.Build.0 = Release|x64
		{8AEA0142-0058-420F-AA1B-F8F2C3D74320}.Release|x86.ActiveCfg = Release|Win32
		{8AEA0142-0058-420F-AA1B-F8F2C3D74320}.Release|x86.Build.0 = Release|Win32
		{EEF86459-F952-450F-B240-946B25F80A7A}.Debug|Any CPU.ActiveCfg = Debug|Any CPU
		{EEF86459-F952-450F-B240-946B25F80A7A}.Debug|Any CPU.Build.0 = Debug|Any CPU
		{EEF86459-F952-450F-B240-946B25F80A7A}.Debug|ARM.ActiveCfg = Debug|x64
		{EEF86459-F952-450F-B240-946B25F80A7A}.Debug|ARM.Build.0 = Debug|x64
		{EEF86459-F952-450F-B240-946B25F80A7A}.Debug|x64.ActiveCfg = Debug|x64
		{EEF86459-F952-450F-B240-946B25F80A7A}.Debug|x64.Build.0 = Debug|x64
		{EEF86459-F952-450F-B240-946B25F80A7A}.Debug|x86.ActiveCfg = Debug|Any CPU
		{EEF86459-F952-450F-B240-946B25F80A7A}.Debug|x86.Build.0 = Debug|Any CPU
		{EEF86459-F952-450F-B240-946B25F80A7A}.Release|Any CPU.ActiveCfg = Release|Any CPU
		{EEF86459-F952-450F-B240-946B25F80A7A}.Release|Any CPU.Build.0 = Release|Any CPU
		{EEF86459-F952-450F-B240-946B25F80A7A}.Release|ARM.ActiveCfg = Release|Any CPU
		{EEF86459-F952-450F-B240-946B25F80A7A}.Release|ARM.Build.0 = Release|Any CPU
		{EEF86459-F952-450F-B240-946B25F80A7A}.Release|x64.ActiveCfg = Release|Any CPU
		{EEF86459-F952-450F-B240-946B25F80A7A}.Release|x64.Build.0 = Release|Any CPU
		{EEF86459-F952-450F-B240-946B25F80A7A}.Release|x86.ActiveCfg = Release|Any CPU
		{EEF86459-F952-450F-B240-946B25F80A7A}.Release|x86.Build.0 = Release|Any CPU
	EndGlobalSection
	GlobalSection(SolutionProperties) = preSolution
		HideSolutionNode = FALSE
	EndGlobalSection
	GlobalSection(ExtensibilityGlobals) = postSolution
		SolutionGuid = {0E6E4772-B63A-43CE-A1AC-423FDAB7D6CD}
	EndGlobalSection
EndGlobal
