
Microsoft Visual Studio Solution File, Format Version 12.00
# Visual Studio Version 17
VisualStudioVersion = 17.1.32328.378
MinimumVisualStudioVersion = 10.0.40219.1
Project("{9A19103F-16F7-4668-BE54-9A1E7A4F7556}") = "CH09_BlazorGrpc.Client", "CH09_BlazorGrpc.Client\CH09_BlazorGrpc.Client.csproj", "{AFCA42BC-D40C-4843-80EF-2E7954261084}"
EndProject
Project("{9A19103F-16F7-4668-BE54-9A1E7A4F7556}") = "CH09_BlazorGrpc.Server", "CH09_BlazorGrpc.Server\CH09_BlazorGrpc.Server.csproj", "{50210C41-526E-4005-BB04-6A416C6BE4F7}"
EndProject
Global
	GlobalSection(SolutionConfigurationPlatforms) = preSolution
		Debug|Any CPU = Debug|Any CPU
		Release|Any CPU = Release|Any CPU
	EndGlobalSection
	GlobalSection(ProjectConfigurationPlatforms) = postSolution
		{AFCA42BC-D40C-4843-80EF-2E7954261084}.Debug|Any CPU.ActiveCfg = Debug|Any CPU
		{AFCA42BC-D40C-4843-80EF-2E7954261084}.Debug|Any CPU.Build.0 = Debug|Any CPU
		{AFCA42BC-D40C-4843-80EF-2E7954261084}.Release|Any CPU.ActiveCfg = Release|Any CPU
		{AFCA42BC-D40C-4843-80EF-2E7954261084}.Release|Any CPU.Build.0 = Release|Any CPU
		{50210C41-526E-4005-BB04-6A416C6BE4F7}.Debug|Any CPU.ActiveCfg = Debug|Any CPU
		{50210C41-526E-4005-BB04-6A416C6BE4F7}.Debug|Any CPU.Build.0 = Debug|Any CPU
		{50210C41-526E-4005-BB04-6A416C6BE4F7}.Release|Any CPU.ActiveCfg = Release|Any CPU
		{50210C41-526E-4005-BB04-6A416C6BE4F7}.Release|Any CPU.Build.0 = Release|Any CPU
	EndGlobalSection
	GlobalSection(SolutionProperties) = preSolution
		HideSolutionNode = FALSE
	EndGlobalSection
	GlobalSection(ExtensibilityGlobals) = postSolution
		SolutionGuid = {989D710D-28F9-4EF8-9DDE-CF5373DB6DEE}
	EndGlobalSection
EndGlobal
