
Microsoft Visual Studio Solution File, Format Version 12.00
# Visual Studio Version 17
VisualStudioVersion = 17.0.31612.314
MinimumVisualStudioVersion = 10.0.40219.1
Project("{FAE04EC0-301F-11D3-BF4B-00C04F79EFBC}") = "CH10_DataAccessBenchmarks", "CH10_DataAccessBenchmarks.csproj", "{88DE618F-AF78-4F9C-939D-28F630E6443D}"
EndProject
Global
	GlobalSection(SolutionConfigurationPlatforms) = preSolution
		Debug|Any CPU = Debug|Any CPU
		Release|Any CPU = Release|Any CPU
	EndGlobalSection
	GlobalSection(ProjectConfigurationPlatforms) = postSolution
		{88DE618F-AF78-4F9C-939D-28F630E6443D}.Debug|Any CPU.ActiveCfg = Debug|Any CPU
		{88DE618F-AF78-4F9C-939D-28F630E6443D}.Debug|Any CPU.Build.0 = Debug|Any CPU
		{88DE618F-AF78-4F9C-939D-28F630E6443D}.Release|Any CPU.ActiveCfg = Release|Any CPU
		{88DE618F-AF78-4F9C-939D-28F630E6443D}.Release|Any CPU.Build.0 = Release|Any CPU
	EndGlobalSection
	GlobalSection(SolutionProperties) = preSolution
		HideSolutionNode = FALSE
	EndGlobalSection
	GlobalSection(ExtensibilityGlobals) = postSolution
		SolutionGuid = {3C73C557-B9D4-42D3-9972-EA50A564F265}
	EndGlobalSection
EndGlobal
