
Microsoft Visual Studio Solution File, Format Version 12.00
# Visual Studio Version 16
VisualStudioVersion = 16.0.31410.357
MinimumVisualStudioVersion = 10.0.40219.1
Project("{FAE04EC0-301F-11D3-BF4B-00C04F79EFBC}") = "CH11_ResponsiveASPNET", "CH11_ResponsiveASPNET\CH11_ResponsiveASPNET.csproj", "{B9B01FD7-8EFA-41DA-BFD8-7422AF251AC2}"
EndProject
Global
	GlobalSection(SolutionConfigurationPlatforms) = preSolution
		Debug|Any CPU = Debug|Any CPU
		Release|Any CPU = Release|Any CPU
	EndGlobalSection
	GlobalSection(ProjectConfigurationPlatforms) = postSolution
		{B9B01FD7-8EFA-41DA-BFD8-7422AF251AC2}.Debug|Any CPU.ActiveCfg = Debug|Any CPU
		{B9B01FD7-8EFA-41DA-BFD8-7422AF251AC2}.Debug|Any CPU.Build.0 = Debug|Any CPU
		{B9B01FD7-8EFA-41DA-BFD8-7422AF251AC2}.Release|Any CPU.ActiveCfg = Release|Any CPU
		{B9B01FD7-8EFA-41DA-BFD8-7422AF251AC2}.Release|Any CPU.Build.0 = Release|Any CPU
	EndGlobalSection
	GlobalSection(SolutionProperties) = preSolution
		HideSolutionNode = FALSE
	EndGlobalSection
	GlobalSection(ExtensibilityGlobals) = postSolution
		SolutionGuid = {5EE0094D-BA8A-45A7-B5C5-2F46A9E9480F}
	EndGlobalSection
EndGlobal
