
Microsoft Visual Studio Solution File, Format Version 12.00
# Visual Studio Version 16
VisualStudioVersion = 16.0.30323.103
MinimumVisualStudioVersion = 10.0.40219.1
Project("{FAE04EC0-301F-11D3-BF4B-00C04F79EFBC}") = "CH01_NativeCompilation", "CH01_NativeCompilation.csproj", "{E8640DB1-1CB4-4C0D-8190-FAB7B4D65F05}"
EndProject
Global
	GlobalSection(SolutionConfigurationPlatforms) = preSolution
		Debug|Any CPU = Debug|Any CPU
		Release|Any CPU = Release|Any CPU
	EndGlobalSection
	GlobalSection(ProjectConfigurationPlatforms) = postSolution
		{E8640DB1-1CB4-4C0D-8190-FAB7B4D65F05}.Debug|Any CPU.ActiveCfg = Debug|Any CPU
		{E8640DB1-1CB4-4C0D-8190-FAB7B4D65F05}.Debug|Any CPU.Build.0 = Debug|Any CPU
		{E8640DB1-1CB4-4C0D-8190-FAB7B4D65F05}.Release|Any CPU.ActiveCfg = Release|Any CPU
		{E8640DB1-1CB4-4C0D-8190-FAB7B4D65F05}.Release|Any CPU.Build.0 = Release|Any CPU
	EndGlobalSection
	GlobalSection(SolutionProperties) = preSolution
		HideSolutionNode = FALSE
	EndGlobalSection
	GlobalSection(ExtensibilityGlobals) = postSolution
		SolutionGuid = {8CC79BC6-C4B7-45D7-BCEC-A361741ADB8C}
	EndGlobalSection
EndGlobal
